{
  "pins" : [
    {
      "identity" : "dittoswiftpackage",
      "kind" : "remoteSourceControl",
      "location" : "https://github.com/getditto/DittoSwiftPackage",
      "state" : {
        "branch" : "main",
        "revision" : "50b095c0eef3ebb231c67c625111cddc9b6f6fc4"
      }
    }
  ],
  "version" : 2
}
