{
  "pins" : [
    {
      "identity" : "dittoswiftpackage",
      "kind" : "remoteSourceControl",
      "location" : "https://github.com/getditto/DittoSwiftPackage",
      "state" : {
        "branch" : "main",
        "revision" : "be03dc47d1517fb669f173833625262340b4aab8"
      }
    }
  ],
  "version" : 2
}
