{
  "pins" : [
    {
      "identity" : "dittoswiftpackage",
      "kind" : "remoteSourceControl",
      "location" : "https://github.com/getditto/DittoSwiftPackage",
      "state" : {
        "revision" : "63db2b032b5d3f6505ead0546e866a2caab401e2",
        "version" : "4.0.0"
      }
    }
  ],
  "version" : 2
}
