PODS:
  - CombineDitto (0.1.2):
    - DittoSwift (>= 1.0.4)
  - DittoObjC (1.0.4)
  - DittoSwift (1.0.4):
    - DittoObjC (= 1.0.4)
  - Fakery (5.1.0)

DEPENDENCIES:
  - CombineDitto
  - DittoSwift (~> 1.0.4)
  - Fakery

SPEC REPOS:
  trunk:
    - CombineDitto
    - DittoObjC
    - DittoSwift
    - Fakery

SPEC CHECKSUMS:
  CombineDitto: 0fbbe1c0fc7088a0d70dfb27decc43e5b5974c4b
  DittoObjC: 2b43a649452c955284365dbc714369cef18e4fca
  DittoSwift: 68612d60faf2816fda12ff01ed849ec88571f84b
  Fakery: a90caff00ca5cacde6c161c3eafc72314a03d34d

PODFILE CHECKSUM: c3213904f5a78bc4e5781037abf2fede43bf37bf

COCOAPODS: 1.10.1
