{
  "pins" : [
    {
      "identity" : "dittoswiftpackage",
      "kind" : "remoteSourceControl",
      "location" : "https://github.com/getditto/DittoSwiftPackage",
      "state" : {
        "revision" : "76426c7f13cfe73a7dc828ca0eedef63ed6ab689",
        "version" : "2.0.5"
      }
    }
  ],
  "version" : 2
}
