{
  "pins" : [
    {
      "identity" : "dittoswiftpackage",
      "kind" : "remoteSourceControl",
      "location" : "https://github.com/getditto/DittoSwiftPackage",
      "state" : {
        "revision" : "ee0d49b588065ac6a4149c1df95b9d6bc5cc975a",
        "version" : "4.0.1"
      }
    }
  ],
  "version" : 2
}
