// !$*UTF8*$!
{
	archiveVersion = 1;
	classes = {
	};
	objectVersion = 51;
	objects = {

/* Begin PBXBuildFile section */
		2D43395126CB2F5C0089E76B /* AppDelegate.swift in Sources */ = {isa = PBXBuildFile; fileRef = 2D43395026CB2F5C0089E76B /* AppDelegate.swift */; };
		2D43395326CB2F5C0089E76B /* SceneDelegate.swift in Sources */ = {isa = PBXBuildFile; fileRef = 2D43395226CB2F5C0089E76B /* SceneDelegate.swift */; };
		2D43395526CB2F5C0089E76B /* TasksListView.swift in Sources */ = {isa = PBXBuildFile; fileRef = 2D43395426CB2F5C0089E76B /* TasksListView.swift */; };
		2D43395726CB2F5F0089E76B /* Assets.xcassets in Resources */ = {isa = PBXBuildFile; fileRef = 2D43395626CB2F5F0089E76B /* Assets.xcassets */; };
		2D43395A26CB2F5F0089E76B /* Preview Assets.xcassets in Resources */ = {isa = PBXBuildFile; fileRef = 2D43395926CB2F5F0089E76B /* Preview Assets.xcassets */; };
		2D43395D26CB2F5F0089E76B /* LaunchScreen.storyboard in Resources */ = {isa = PBXBuildFile; fileRef = 2D43395B26CB2F5F0089E76B /* LaunchScreen.storyboard */; };
		2D43396626CB30AD0089E76B /* Task.swift in Sources */ = {isa = PBXBuildFile; fileRef = 2D43396526CB30AD0089E76B /* Task.swift */; };
		2D43396826CB337F0089E76B /* EditTaskView.swift in Sources */ = {isa = PBXBuildFile; fileRef = 2D43396726CB337F0089E76B /* EditTaskView.swift */; };
		4F9DB145ECCF4C3752331A17 /* Pods_Tasks.framework in Frameworks */ = {isa = PBXBuildFile; fileRef = FE78E9263415E427B2DB5BA9 /* Pods_Tasks.framework */; };
/* End PBXBuildFile section */

/* Begin PBXFileReference section */
		0E9A7563ADB955330968C978 /* Pods-Tasks.debug.xcconfig */ = {isa = PBXFileReference; includeInIndex = 1; lastKnownFileType = text.xcconfig; name = "Pods-Tasks.debug.xcconfig"; path = "Target Support Files/Pods-Tasks/Pods-Tasks.debug.xcconfig"; sourceTree = "<group>"; };
		2D43394D26CB2F5C0089E76B /* Tasks.app */ = {isa = PBXFileReference; explicitFileType = wrapper.application; includeInIndex = 0; path = Tasks.app; sourceTree = BUILT_PRODUCTS_DIR; };
		2D43395026CB2F5C0089E76B /* AppDelegate.swift */ = {isa = PBXFileReference; lastKnownFileType = sourcecode.swift; path = AppDelegate.swift; sourceTree = "<group>"; };
		2D43395226CB2F5C0089E76B /* SceneDelegate.swift */ = {isa = PBXFileReference; lastKnownFileType = sourcecode.swift; path = SceneDelegate.swift; sourceTree = "<group>"; };
		2D43395426CB2F5C0089E76B /* TasksListView.swift */ = {isa = PBXFileReference; lastKnownFileType = sourcecode.swift; path = TasksListView.swift; sourceTree = "<group>"; };
		2D43395626CB2F5F0089E76B /* Assets.xcassets */ = {isa = PBXFileReference; lastKnownFileType = folder.assetcatalog; path = Assets.xcassets; sourceTree = "<group>"; };
		2D43395926CB2F5F0089E76B /* Preview Assets.xcassets */ = {isa = PBXFileReference; lastKnownFileType = folder.assetcatalog; path = "Preview Assets.xcassets"; sourceTree = "<group>"; };
		2D43395C26CB2F5F0089E76B /* Base */ = {isa = PBXFileReference; lastKnownFileType = file.storyboard; name = Base; path = Base.lproj/LaunchScreen.storyboard; sourceTree = "<group>"; };
		2D43395E26CB2F5F0089E76B /* Info.plist */ = {isa = PBXFileReference; lastKnownFileType = text.plist.xml; path = Info.plist; sourceTree = "<group>"; };
		2D43396526CB30AD0089E76B /* Task.swift */ = {isa = PBXFileReference; lastKnownFileType = sourcecode.swift; path = Task.swift; sourceTree = "<group>"; };
		2D43396726CB337F0089E76B /* EditTaskView.swift */ = {isa = PBXFileReference; lastKnownFileType = sourcecode.swift; path = EditTaskView.swift; sourceTree = "<group>"; };
		6827EF56B5565BF0AD63556D /* Pods-Tasks.release.xcconfig */ = {isa = PBXFileReference; includeInIndex = 1; lastKnownFileType = text.xcconfig; name = "Pods-Tasks.release.xcconfig"; path = "Target Support Files/Pods-Tasks/Pods-Tasks.release.xcconfig"; sourceTree = "<group>"; };
		FE78E9263415E427B2DB5BA9 /* Pods_Tasks.framework */ = {isa = PBXFileReference; explicitFileType = wrapper.framework; includeInIndex = 0; path = Pods_Tasks.framework; sourceTree = BUILT_PRODUCTS_DIR; };
/* End PBXFileReference section */

/* Begin PBXFrameworksBuildPhase section */
		2D43394A26CB2F5C0089E76B /* Frameworks */ = {
			isa = PBXFrameworksBuildPhase;
			buildActionMask = 2147483647;
			files = (
				4F9DB145ECCF4C3752331A17 /* Pods_Tasks.framework in Frameworks */,
			);
			runOnlyForDeploymentPostprocessing = 0;
		};
/* End PBXFrameworksBuildPhase section */

/* Begin PBXGroup section */
		2D43394426CB2F5C0089E76B = {
			isa = PBXGroup;
			children = (
				2D43394F26CB2F5C0089E76B /* Tasks */,
				2D43394E26CB2F5C0089E76B /* Products */,
				9B0499073FFD09800D93B3FB /* Pods */,
				AD9DA3403F4957C64BEFA2CA /* Frameworks */,
			);
			sourceTree = "<group>";
		};
		2D43394E26CB2F5C0089E76B /* Products */ = {
			isa = PBXGroup;
			children = (
				2D43394D26CB2F5C0089E76B /* Tasks.app */,
			);
			name = Products;
			sourceTree = "<group>";
		};
		2D43394F26CB2F5C0089E76B /* Tasks */ = {
			isa = PBXGroup;
			children = (
				2D43396426CB2FCC0089E76B /* SwiftUI */,
				2D43395026CB2F5C0089E76B /* AppDelegate.swift */,
				2D43395226CB2F5C0089E76B /* SceneDelegate.swift */,
				2D43395626CB2F5F0089E76B /* Assets.xcassets */,
				2D43395B26CB2F5F0089E76B /* LaunchScreen.storyboard */,
				2D43395E26CB2F5F0089E76B /* Info.plist */,
				2D43395826CB2F5F0089E76B /* Preview Content */,
				2D43396526CB30AD0089E76B /* Task.swift */,
			);
			path = Tasks;
			sourceTree = "<group>";
		};
		2D43395826CB2F5F0089E76B /* Preview Content */ = {
			isa = PBXGroup;
			children = (
				2D43395926CB2F5F0089E76B /* Preview Assets.xcassets */,
			);
			path = "Preview Content";
			sourceTree = "<group>";
		};
		2D43396426CB2FCC0089E76B /* SwiftUI */ = {
			isa = PBXGroup;
			children = (
				2D43395426CB2F5C0089E76B /* TasksListView.swift */,
				2D43396726CB337F0089E76B /* EditTaskView.swift */,
			);
			path = SwiftUI;
			sourceTree = "<group>";
		};
		9B0499073FFD09800D93B3FB /* Pods */ = {
			isa = PBXGroup;
			children = (
				0E9A7563ADB955330968C978 /* Pods-Tasks.debug.xcconfig */,
				6827EF56B5565BF0AD63556D /* Pods-Tasks.release.xcconfig */,
			);
			path = Pods;
			sourceTree = "<group>";
		};
		AD9DA3403F4957C64BEFA2CA /* Frameworks */ = {
			isa = PBXGroup;
			children = (
				FE78E9263415E427B2DB5BA9 /* Pods_Tasks.framework */,
			);
			name = Frameworks;
			sourceTree = "<group>";
		};
/* End PBXGroup section */

/* Begin PBXNativeTarget section */
		2D43394C26CB2F5C0089E76B /* Tasks */ = {
			isa = PBXNativeTarget;
			buildConfigurationList = 2D43396126CB2F5F0089E76B /* Build configuration list for PBXNativeTarget "Tasks" */;
			buildPhases = (
				0471B55F03382E31359B1F4A /* [CP] Check Pods Manifest.lock */,
				2D43394926CB2F5C0089E76B /* Sources */,
				2D43394A26CB2F5C0089E76B /* Frameworks */,
				2D43394B26CB2F5C0089E76B /* Resources */,
				F5E1D0941D40CA9D88C611C0 /* [CP] Embed Pods Frameworks */,
			);
			buildRules = (
			);
			dependencies = (
			);
			name = Tasks;
			productName = Tasks;
			productReference = 2D43394D26CB2F5C0089E76B /* Tasks.app */;
			productType = "com.apple.product-type.application";
		};
/* End PBXNativeTarget section */

/* Begin PBXProject section */
		2D43394526CB2F5C0089E76B /* Project object */ = {
			isa = PBXProject;
			attributes = {
				LastSwiftUpdateCheck = 1250;
				LastUpgradeCheck = 1250;
				TargetAttributes = {
					2D43394C26CB2F5C0089E76B = {
						CreatedOnToolsVersion = 12.5.1;
					};
				};
			};
			buildConfigurationList = 2D43394826CB2F5C0089E76B /* Build configuration list for PBXProject "Tasks" */;
			compatibilityVersion = "Xcode 9.3";
			developmentRegion = en;
			hasScannedForEncodings = 0;
			knownRegions = (
				en,
				Base,
			);
			mainGroup = 2D43394426CB2F5C0089E76B;
			productRefGroup = 2D43394E26CB2F5C0089E76B /* Products */;
			projectDirPath = "";
			projectRoot = "";
			targets = (
				2D43394C26CB2F5C0089E76B /* Tasks */,
			);
		};
/* End PBXProject section */

/* Begin PBXResourcesBuildPhase section */
		2D43394B26CB2F5C0089E76B /* Resources */ = {
			isa = PBXResourcesBuildPhase;
			buildActionMask = 2147483647;
			files = (
				2D43395D26CB2F5F0089E76B /* LaunchScreen.storyboard in Resources */,
				2D43395A26CB2F5F0089E76B /* Preview Assets.xcassets in Resources */,
				2D43395726CB2F5F0089E76B /* Assets.xcassets in Resources */,
			);
			runOnlyForDeploymentPostprocessing = 0;
		};
/* End PBXResourcesBuildPhase section */

/* Begin PBXShellScriptBuildPhase section */
		0471B55F03382E31359B1F4A /* [CP] Check Pods Manifest.lock */ = {
			isa = PBXShellScriptBuildPhase;
			buildActionMask = 2147483647;
			files = (
			);
			inputFileListPaths = (
			);
			inputPaths = (
				"${PODS_PODFILE_DIR_PATH}/Podfile.lock",
				"${PODS_ROOT}/Manifest.lock",
			);
			name = "[CP] Check Pods Manifest.lock";
			outputFileListPaths = (
			);
			outputPaths = (
				"$(DERIVED_FILE_DIR)/Pods-Tasks-checkManifestLockResult.txt",
			);
			runOnlyForDeploymentPostprocessing = 0;
			shellPath = /bin/sh;
			shellScript = "diff \"${PODS_PODFILE_DIR_PATH}/Podfile.lock\" \"${PODS_ROOT}/Manifest.lock\" > /dev/null\nif [ $? != 0 ] ; then\n    # print error to STDERR\n    echo \"error: The sandbox is not in sync with the Podfile.lock. Run 'pod install' or update your CocoaPods installation.\" >&2\n    exit 1\nfi\n# This output is used by Xcode 'outputs' to avoid re-running this script phase.\necho \"SUCCESS\" > \"${SCRIPT_OUTPUT_FILE_0}\"\n";
			showEnvVarsInLog = 0;
		};
		F5E1D0941D40CA9D88C611C0 /* [CP] Embed Pods Frameworks */ = {
			isa = PBXShellScriptBuildPhase;
			buildActionMask = 2147483647;
			files = (
			);
			inputFileListPaths = (
				"${PODS_ROOT}/Target Support Files/Pods-Tasks/Pods-Tasks-frameworks-${CONFIGURATION}-input-files.xcfilelist",
			);
			name = "[CP] Embed Pods Frameworks";
			outputFileListPaths = (
				"${PODS_ROOT}/Target Support Files/Pods-Tasks/Pods-Tasks-frameworks-${CONFIGURATION}-output-files.xcfilelist",
			);
			runOnlyForDeploymentPostprocessing = 0;
			shellPath = /bin/sh;
			shellScript = "\"${PODS_ROOT}/Target Support Files/Pods-Tasks/Pods-Tasks-frameworks.sh\"\n";
			showEnvVarsInLog = 0;
		};
/* End PBXShellScriptBuildPhase section */

/* Begin PBXSourcesBuildPhase section */
		2D43394926CB2F5C0089E76B /* Sources */ = {
			isa = PBXSourcesBuildPhase;
			buildActionMask = 2147483647;
			files = (
				2D43396626CB30AD0089E76B /* Task.swift in Sources */,
				2D43395126CB2F5C0089E76B /* AppDelegate.swift in Sources */,
				2D43395326CB2F5C0089E76B /* SceneDelegate.swift in Sources */,
				2D43395526CB2F5C0089E76B /* TasksListView.swift in Sources */,
				2D43396826CB337F0089E76B /* EditTaskView.swift in Sources */,
			);
			runOnlyForDeploymentPostprocessing = 0;
		};
/* End PBXSourcesBuildPhase section */

/* Begin PBXVariantGroup section */
		2D43395B26CB2F5F0089E76B /* LaunchScreen.storyboard */ = {
			isa = PBXVariantGroup;
			children = (
				2D43395C26CB2F5F0089E76B /* Base */,
			);
			name = LaunchScreen.storyboard;
			sourceTree = "<group>";
		};
/* End PBXVariantGroup section */

/* Begin XCBuildConfiguration section */
		2D43395F26CB2F5F0089E76B /* Debug */ = {
			isa = XCBuildConfiguration;
			buildSettings = {
				ALWAYS_SEARCH_USER_PATHS = NO;
				CLANG_ANALYZER_NONNULL = YES;
				CLANG_ANALYZER_NUMBER_OBJECT_CONVERSION = YES_AGGRESSIVE;
				CLANG_CXX_LANGUAGE_STANDARD = "gnu++14";
				CLANG_CXX_LIBRARY = "libc++";
				CLANG_ENABLE_MODULES = YES;
				CLANG_ENABLE_OBJC_ARC = YES;
				CLANG_ENABLE_OBJC_WEAK = YES;
				CLANG_WARN_BLOCK_CAPTURE_AUTORELEASING = YES;
				CLANG_WARN_BOOL_CONVERSION = YES;
				CLANG_WARN_COMMA = YES;
				CLANG_WARN_CONSTANT_CONVERSION = YES;
				CLANG_WARN_DEPRECATED_OBJC_IMPLEMENTATIONS = YES;
				CLANG_WARN_DIRECT_OBJC_ISA_USAGE = YES_ERROR;
				CLANG_WARN_DOCUMENTATION_COMMENTS = YES;
				CLANG_WARN_EMPTY_BODY = YES;
				CLANG_WARN_ENUM_CONVERSION = YES;
				CLANG_WARN_INFINITE_RECURSION = YES;
				CLANG_WARN_INT_CONVERSION = YES;
				CLANG_WARN_NON_LITERAL_NULL_CONVERSION = YES;
				CLANG_WARN_OBJC_IMPLICIT_RETAIN_SELF = YES;
				CLANG_WARN_OBJC_LITERAL_CONVERSION = YES;
				CLANG_WARN_OBJC_ROOT_CLASS = YES_ERROR;
				CLANG_WARN_QUOTED_INCLUDE_IN_FRAMEWORK_HEADER = YES;
				CLANG_WARN_RANGE_LOOP_ANALYSIS = YES;
				CLANG_WARN_STRICT_PROTOTYPES = YES;
				CLANG_WARN_SUSPICIOUS_MOVE = YES;
				CLANG_WARN_UNGUARDED_AVAILABILITY = YES_AGGRESSIVE;
				CLANG_WARN_UNREACHABLE_CODE = YES;
				CLANG_WARN__DUPLICATE_METHOD_MATCH = YES;
				COPY_PHASE_STRIP = NO;
				DEBUG_INFORMATION_FORMAT = dwarf;
				ENABLE_STRICT_OBJC_MSGSEND = YES;
				ENABLE_TESTABILITY = YES;
				GCC_C_LANGUAGE_STANDARD = gnu11;
				GCC_DYNAMIC_NO_PIC = NO;
				GCC_NO_COMMON_BLOCKS = YES;
				GCC_OPTIMIZATION_LEVEL = 0;
				GCC_PREPROCESSOR_DEFINITIONS = (
					"DEBUG=1",
					"$(inherited)",
				);
				GCC_WARN_64_TO_32_BIT_CONVERSION = YES;
				GCC_WARN_ABOUT_RETURN_TYPE = YES_ERROR;
				GCC_WARN_UNDECLARED_SELECTOR = YES;
				GCC_WARN_UNINITIALIZED_AUTOS = YES_AGGRESSIVE;
				GCC_WARN_UNUSED_FUNCTION = YES;
				GCC_WARN_UNUSED_VARIABLE = YES;
				IPHONEOS_DEPLOYMENT_TARGET = 14.5;
				MTL_ENABLE_DEBUG_INFO = INCLUDE_SOURCE;
				MTL_FAST_MATH = YES;
				ONLY_ACTIVE_ARCH = YES;
				SDKROOT = iphoneos;
				SWIFT_ACTIVE_COMPILATION_CONDITIONS = DEBUG;
				SWIFT_OPTIMIZATION_LEVEL = "-Onone";
			};
			name = Debug;
		};
		2D43396026CB2F5F0089E76B /* Release */ = {
			isa = XCBuildConfiguration;
			buildSettings = {
				ALWAYS_SEARCH_USER_PATHS = NO;
				CLANG_ANALYZER_NONNULL = YES;
				CLANG_ANALYZER_NUMBER_OBJECT_CONVERSION = YES_AGGRESSIVE;
				CLANG_CXX_LANGUAGE_STANDARD = "gnu++14";
				CLANG_CXX_LIBRARY = "libc++";
				CLANG_ENABLE_MODULES = YES;
				CLANG_ENABLE_OBJC_ARC = YES;
				CLANG_ENABLE_OBJC_WEAK = YES;
				CLANG_WARN_BLOCK_CAPTURE_AUTORELEASING = YES;
				CLANG_WARN_BOOL_CONVERSION = YES;
				CLANG_WARN_COMMA = YES;
				CLANG_WARN_CONSTANT_CONVERSION = YES;
				CLANG_WARN_DEPRECATED_OBJC_IMPLEMENTATIONS = YES;
				CLANG_WARN_DIRECT_OBJC_ISA_USAGE = YES_ERROR;
				CLANG_WARN_DOCUMENTATION_COMMENTS = YES;
				CLANG_WARN_EMPTY_BODY = YES;
				CLANG_WARN_ENUM_CONVERSION = YES;
				CLANG_WARN_INFINITE_RECURSION = YES;
				CLANG_WARN_INT_CONVERSION = YES;
				CLANG_WARN_NON_LITERAL_NULL_CONVERSION = YES;
				CLANG_WARN_OBJC_IMPLICIT_RETAIN_SELF = YES;
				CLANG_WARN_OBJC_LITERAL_CONVERSION = YES;
				CLANG_WARN_OBJC_ROOT_CLASS = YES_ERROR;
				CLANG_WARN_QUOTED_INCLUDE_IN_FRAMEWORK_HEADER = YES;
				CLANG_WARN_RANGE_LOOP_ANALYSIS = YES;
				CLANG_WARN_STRICT_PROTOTYPES = YES;
				CLANG_WARN_SUSPICIOUS_MOVE = YES;
				CLANG_WARN_UNGUARDED_AVAILABILITY = YES_AGGRESSIVE;
				CLANG_WARN_UNREACHABLE_CODE = YES;
				CLANG_WARN__DUPLICATE_METHOD_MATCH = YES;
				COPY_PHASE_STRIP = NO;
				DEBUG_INFORMATION_FORMAT = "dwarf-with-dsym";
				ENABLE_NS_ASSERTIONS = NO;
				ENABLE_STRICT_OBJC_MSGSEND = YES;
				GCC_C_LANGUAGE_STANDARD = gnu11;
				GCC_NO_COMMON_BLOCKS = YES;
				GCC_WARN_64_TO_32_BIT_CONVERSION = YES;
				GCC_WARN_ABOUT_RETURN_TYPE = YES_ERROR;
				GCC_WARN_UNDECLARED_SELECTOR = YES;
				GCC_WARN_UNINITIALIZED_AUTOS = YES_AGGRESSIVE;
				GCC_WARN_UNUSED_FUNCTION = YES;
				GCC_WARN_UNUSED_VARIABLE = YES;
				IPHONEOS_DEPLOYMENT_TARGET = 14.5;
				MTL_ENABLE_DEBUG_INFO = NO;
				MTL_FAST_MATH = YES;
				SDKROOT = iphoneos;
				SWIFT_COMPILATION_MODE = wholemodule;
				SWIFT_OPTIMIZATION_LEVEL = "-O";
				VALIDATE_PRODUCT = YES;
			};
			name = Release;
		};
		2D43396226CB2F5F0089E76B /* Debug */ = {
			isa = XCBuildConfiguration;
			baseConfigurationReference = 0E9A7563ADB955330968C978 /* Pods-Tasks.debug.xcconfig */;
			buildSettings = {
				ASSETCATALOG_COMPILER_APPICON_NAME = AppIcon;
				ASSETCATALOG_COMPILER_GLOBAL_ACCENT_COLOR_NAME = AccentColor;
				CODE_SIGN_STYLE = Automatic;
				DEVELOPMENT_ASSET_PATHS = "\"Tasks/Preview Content\"";
				DEVELOPMENT_TEAM = 3T2VMFZPPQ;
				ENABLE_PREVIEWS = YES;
				INFOPLIST_FILE = Tasks/Info.plist;
				LD_RUNPATH_SEARCH_PATHS = (
					"$(inherited)",
					"@executable_path/Frameworks",
				);
				PRODUCT_BUNDLE_IDENTIFIER = live.ditto.Tasks;
				PRODUCT_NAME = "$(TARGET_NAME)";
				SWIFT_VERSION = 5.0;
				TARGETED_DEVICE_FAMILY = "1,2";
			};
			name = Debug;
		};
		2D43396326CB2F5F0089E76B /* Release */ = {
			isa = XCBuildConfiguration;
			baseConfigurationReference = 6827EF56B5565BF0AD63556D /* Pods-Tasks.release.xcconfig */;
			buildSettings = {
				ASSETCATALOG_COMPILER_APPICON_NAME = AppIcon;
				ASSETCATALOG_COMPILER_GLOBAL_ACCENT_COLOR_NAME = AccentColor;
				CODE_SIGN_STYLE = Automatic;
				DEVELOPMENT_ASSET_PATHS = "\"Tasks/Preview Content\"";
				DEVELOPMENT_TEAM = 3T2VMFZPPQ;
				ENABLE_PREVIEWS = YES;
				INFOPLIST_FILE = Tasks/Info.plist;
				LD_RUNPATH_SEARCH_PATHS = (
					"$(inherited)",
					"@executable_path/Frameworks",
				);
				PRODUCT_BUNDLE_IDENTIFIER = live.ditto.Tasks;
				PRODUCT_NAME = "$(TARGET_NAME)";
				SWIFT_VERSION = 5.0;
				TARGETED_DEVICE_FAMILY = "1,2";
			};
			name = Release;
		};
/* End XCBuildConfiguration section */

/* Begin XCConfigurationList section */
		2D43394826CB2F5C0089E76B /* Build configuration list for PBXProject "Tasks" */ = {
			isa = XCConfigurationList;
			buildConfigurations = (
				2D43395F26CB2F5F0089E76B /* Debug */,
				2D43396026CB2F5F0089E76B /* Release */,
			);
			defaultConfigurationIsVisible = 0;
			defaultConfigurationName = Release;
		};
		2D43396126CB2F5F0089E76B /* Build configuration list for PBXNativeTarget "Tasks" */ = {
			isa = XCConfigurationList;
			buildConfigurations = (
				2D43396226CB2F5F0089E76B /* Debug */,
				2D43396326CB2F5F0089E76B /* Release */,
			);
			defaultConfigurationIsVisible = 0;
			defaultConfigurationName = Release;
		};
/* End XCConfigurationList section */
	};
	rootObject = 2D43394526CB2F5C0089E76B /* Project object */;
}
