// !$*UTF8*$!
{
	archiveVersion = 1;
	classes = {
	};
	objectVersion = 52;
	objects = {

/* Begin PBXBuildFile section */
		01A4406A27F6BB4A000A870A /* DittoObjC in Frameworks */ = {isa = PBXBuildFile; productRef = 01A4406927F6BB4A000A870A /* DittoObjC */; };
		01A4406C27F6BB4A000A870A /* DittoSwift in Frameworks */ = {isa = PBXBuildFile; productRef = 01A4406B27F6BB4A000A870A /* DittoSwift */; };
		2DE79F1026D8B2F5003F9F80 /* TasksApp.swift in Sources */ = {isa = PBXBuildFile; fileRef = 2DE79F0F26D8B2F5003F9F80 /* TasksApp.swift */; };
		2DE79F1226D8B2F5003F9F80 /* ContentView.swift in Sources */ = {isa = PBXBuildFile; fileRef = 2DE79F1126D8B2F5003F9F80 /* ContentView.swift */; };
		2DE79F1426D8B2F6003F9F80 /* Assets.xcassets in Resources */ = {isa = PBXBuildFile; fileRef = 2DE79F1326D8B2F6003F9F80 /* Assets.xcassets */; };
		2DE79F1726D8B2F6003F9F80 /* Preview Assets.xcassets in Resources */ = {isa = PBXBuildFile; fileRef = 2DE79F1626D8B2F6003F9F80 /* Preview Assets.xcassets */; };
		2DE79F1F26D8BFD4003F9F80 /* Task.swift in Sources */ = {isa = PBXBuildFile; fileRef = 2DE79F1E26D8BFD4003F9F80 /* Task.swift */; };
		2DE79F2126D8C344003F9F80 /* TasksListScreen.swift in Sources */ = {isa = PBXBuildFile; fileRef = 2DE79F2026D8C344003F9F80 /* TasksListScreen.swift */; };
		2DE79F2326D8CFB8003F9F80 /* TaskRow.swift in Sources */ = {isa = PBXBuildFile; fileRef = 2DE79F2226D8CFB8003F9F80 /* TaskRow.swift */; };
		2DE79F2526D93B82003F9F80 /* EditScreen.swift in Sources */ = {isa = PBXBuildFile; fileRef = 2DE79F2426D93B82003F9F80 /* EditScreen.swift */; };
/* End PBXBuildFile section */

/* Begin PBXFileReference section */
		2DE79F0C26D8B2F5003F9F80 /* Tasks.app */ = {isa = PBXFileReference; explicitFileType = wrapper.application; includeInIndex = 0; path = Tasks.app; sourceTree = BUILT_PRODUCTS_DIR; };
		2DE79F0F26D8B2F5003F9F80 /* TasksApp.swift */ = {isa = PBXFileReference; lastKnownFileType = sourcecode.swift; path = TasksApp.swift; sourceTree = "<group>"; };
		2DE79F1126D8B2F5003F9F80 /* ContentView.swift */ = {isa = PBXFileReference; lastKnownFileType = sourcecode.swift; path = ContentView.swift; sourceTree = "<group>"; };
		2DE79F1326D8B2F6003F9F80 /* Assets.xcassets */ = {isa = PBXFileReference; lastKnownFileType = folder.assetcatalog; path = Assets.xcassets; sourceTree = "<group>"; };
		2DE79F1626D8B2F6003F9F80 /* Preview Assets.xcassets */ = {isa = PBXFileReference; lastKnownFileType = folder.assetcatalog; path = "Preview Assets.xcassets"; sourceTree = "<group>"; };
		2DE79F1826D8B2F6003F9F80 /* Info.plist */ = {isa = PBXFileReference; lastKnownFileType = text.plist.xml; path = Info.plist; sourceTree = "<group>"; };
		2DE79F1E26D8BFD4003F9F80 /* Task.swift */ = {isa = PBXFileReference; lastKnownFileType = sourcecode.swift; path = Task.swift; sourceTree = "<group>"; };
		2DE79F2026D8C344003F9F80 /* TasksListScreen.swift */ = {isa = PBXFileReference; lastKnownFileType = sourcecode.swift; path = TasksListScreen.swift; sourceTree = "<group>"; };
		2DE79F2226D8CFB8003F9F80 /* TaskRow.swift */ = {isa = PBXFileReference; lastKnownFileType = sourcecode.swift; path = TaskRow.swift; sourceTree = "<group>"; };
		2DE79F2426D93B82003F9F80 /* EditScreen.swift */ = {isa = PBXFileReference; lastKnownFileType = sourcecode.swift; path = EditScreen.swift; sourceTree = "<group>"; };
/* End PBXFileReference section */

/* Begin PBXFrameworksBuildPhase section */
		2DE79F0926D8B2F5003F9F80 /* Frameworks */ = {
			isa = PBXFrameworksBuildPhase;
			buildActionMask = 2147483647;
			files = (
				01A4406C27F6BB4A000A870A /* DittoSwift in Frameworks */,
				01A4406A27F6BB4A000A870A /* DittoObjC in Frameworks */,
			);
			runOnlyForDeploymentPostprocessing = 0;
		};
/* End PBXFrameworksBuildPhase section */

/* Begin PBXGroup section */
		2DE79F0326D8B2F5003F9F80 = {
			isa = PBXGroup;
			children = (
				2DE79F0E26D8B2F5003F9F80 /* Tasks */,
				2DE79F0D26D8B2F5003F9F80 /* Products */,
			);
			sourceTree = "<group>";
		};
		2DE79F0D26D8B2F5003F9F80 /* Products */ = {
			isa = PBXGroup;
			children = (
				2DE79F0C26D8B2F5003F9F80 /* Tasks.app */,
			);
			name = Products;
			sourceTree = "<group>";
		};
		2DE79F0E26D8B2F5003F9F80 /* Tasks */ = {
			isa = PBXGroup;
			children = (
				2DE79F0F26D8B2F5003F9F80 /* TasksApp.swift */,
				2DE79F1126D8B2F5003F9F80 /* ContentView.swift */,
				2DE79F1326D8B2F6003F9F80 /* Assets.xcassets */,
				2DE79F1826D8B2F6003F9F80 /* Info.plist */,
				2DE79F1526D8B2F6003F9F80 /* Preview Content */,
				2DE79F1E26D8BFD4003F9F80 /* Task.swift */,
				2DE79F2026D8C344003F9F80 /* TasksListScreen.swift */,
				2DE79F2226D8CFB8003F9F80 /* TaskRow.swift */,
				2DE79F2426D93B82003F9F80 /* EditScreen.swift */,
			);
			path = Tasks;
			sourceTree = "<group>";
		};
		2DE79F1526D8B2F6003F9F80 /* Preview Content */ = {
			isa = PBXGroup;
			children = (
				2DE79F1626D8B2F6003F9F80 /* Preview Assets.xcassets */,
			);
			path = "Preview Content";
			sourceTree = "<group>";
		};
/* End PBXGroup section */

/* Begin PBXNativeTarget section */
		2DE79F0B26D8B2F5003F9F80 /* Tasks */ = {
			isa = PBXNativeTarget;
			buildConfigurationList = 2DE79F1B26D8B2F6003F9F80 /* Build configuration list for PBXNativeTarget "Tasks" */;
			buildPhases = (
				32FD51BD9FB30262D1587266 /* [CP] Check Pods Manifest.lock */,
				2DE79F0826D8B2F5003F9F80 /* Sources */,
				2DE79F0926D8B2F5003F9F80 /* Frameworks */,
				2DE79F0A26D8B2F5003F9F80 /* Resources */,
				8569C84941FB57BDEC79741B /* [CP] Embed Pods Frameworks */,
			);
			buildRules = (
			);
			dependencies = (
			);
			name = Tasks;
			packageProductDependencies = (
				01A4406927F6BB4A000A870A /* DittoObjC */,
				01A4406B27F6BB4A000A870A /* DittoSwift */,
			);
			productName = Tasks;
			productReference = 2DE79F0C26D8B2F5003F9F80 /* Tasks.app */;
			productType = "com.apple.product-type.application";
		};
/* End PBXNativeTarget section */

/* Begin PBXProject section */
		2DE79F0426D8B2F5003F9F80 /* Project object */ = {
			isa = PBXProject;
			attributes = {
				LastSwiftUpdateCheck = 1250;
				LastUpgradeCheck = 1250;
				TargetAttributes = {
					2DE79F0B26D8B2F5003F9F80 = {
						CreatedOnToolsVersion = 12.5.1;
					};
				};
			};
			buildConfigurationList = 2DE79F0726D8B2F5003F9F80 /* Build configuration list for PBXProject "Tasks" */;
			compatibilityVersion = "Xcode 9.3";
			developmentRegion = en;
			hasScannedForEncodings = 0;
			knownRegions = (
				en,
				Base,
			);
			mainGroup = 2DE79F0326D8B2F5003F9F80;
			packageReferences = (
				01A4406827F6BB4A000A870A /* XCRemoteSwiftPackageReference "DittoSwiftPackage" */,
			);
			productRefGroup = 2DE79F0D26D8B2F5003F9F80 /* Products */;
			projectDirPath = "";
			projectRoot = "";
			targets = (
				2DE79F0B26D8B2F5003F9F80 /* Tasks */,
			);
		};
/* End PBXProject section */

/* Begin PBXResourcesBuildPhase section */
		2DE79F0A26D8B2F5003F9F80 /* Resources */ = {
			isa = PBXResourcesBuildPhase;
			buildActionMask = 2147483647;
			files = (
				2DE79F1726D8B2F6003F9F80 /* Preview Assets.xcassets in Resources */,
				2DE79F1426D8B2F6003F9F80 /* Assets.xcassets in Resources */,
			);
			runOnlyForDeploymentPostprocessing = 0;
		};
/* End PBXResourcesBuildPhase section */

/* Begin PBXSourcesBuildPhase section */
		2DE79F0826D8B2F5003F9F80 /* Sources */ = {
			isa = PBXSourcesBuildPhase;
			buildActionMask = 2147483647;
			files = (
				2DE79F2326D8CFB8003F9F80 /* TaskRow.swift in Sources */,
				2DE79F1226D8B2F5003F9F80 /* ContentView.swift in Sources */,
				2DE79F1F26D8BFD4003F9F80 /* Task.swift in Sources */,
				2DE79F2126D8C344003F9F80 /* TasksListScreen.swift in Sources */,
				2DE79F1026D8B2F5003F9F80 /* TasksApp.swift in Sources */,
				2DE79F2526D93B82003F9F80 /* EditScreen.swift in Sources */,
			);
			runOnlyForDeploymentPostprocessing = 0;
		};
/* End PBXSourcesBuildPhase section */

/* Begin XCBuildConfiguration section */
		2DE79F1926D8B2F6003F9F80 /* Debug */ = {
			isa = XCBuildConfiguration;
			buildSettings = {
				ALWAYS_SEARCH_USER_PATHS = NO;
				CLANG_ANALYZER_NONNULL = YES;
				CLANG_ANALYZER_NUMBER_OBJECT_CONVERSION = YES_AGGRESSIVE;
				CLANG_CXX_LANGUAGE_STANDARD = "gnu++14";
				CLANG_CXX_LIBRARY = "libc++";
				CLANG_ENABLE_MODULES = YES;
				CLANG_ENABLE_OBJC_ARC = YES;
				CLANG_ENABLE_OBJC_WEAK = YES;
				CLANG_WARN_BLOCK_CAPTURE_AUTORELEASING = YES;
				CLANG_WARN_BOOL_CONVERSION = YES;
				CLANG_WARN_COMMA = YES;
				CLANG_WARN_CONSTANT_CONVERSION = YES;
				CLANG_WARN_DEPRECATED_OBJC_IMPLEMENTATIONS = YES;
				CLANG_WARN_DIRECT_OBJC_ISA_USAGE = YES_ERROR;
				CLANG_WARN_DOCUMENTATION_COMMENTS = YES;
				CLANG_WARN_EMPTY_BODY = YES;
				CLANG_WARN_ENUM_CONVERSION = YES;
				CLANG_WARN_INFINITE_RECURSION = YES;
				CLANG_WARN_INT_CONVERSION = YES;
				CLANG_WARN_NON_LITERAL_NULL_CONVERSION = YES;
				CLANG_WARN_OBJC_IMPLICIT_RETAIN_SELF = YES;
				CLANG_WARN_OBJC_LITERAL_CONVERSION = YES;
				CLANG_WARN_OBJC_ROOT_CLASS = YES_ERROR;
				CLANG_WARN_QUOTED_INCLUDE_IN_FRAMEWORK_HEADER = YES;
				CLANG_WARN_RANGE_LOOP_ANALYSIS = YES;
				CLANG_WARN_STRICT_PROTOTYPES = YES;
				CLANG_WARN_SUSPICIOUS_MOVE = YES;
				CLANG_WARN_UNGUARDED_AVAILABILITY = YES_AGGRESSIVE;
				CLANG_WARN_UNREACHABLE_CODE = YES;
				CLANG_WARN__DUPLICATE_METHOD_MATCH = YES;
				COPY_PHASE_STRIP = NO;
				DEBUG_INFORMATION_FORMAT = dwarf;
				ENABLE_STRICT_OBJC_MSGSEND = YES;
				ENABLE_TESTABILITY = YES;
				GCC_C_LANGUAGE_STANDARD = gnu11;
				GCC_DYNAMIC_NO_PIC = NO;
				GCC_NO_COMMON_BLOCKS = YES;
				GCC_OPTIMIZATION_LEVEL = 0;
				GCC_PREPROCESSOR_DEFINITIONS = (
					"DEBUG=1",
					"$(inherited)",
				);
				GCC_WARN_64_TO_32_BIT_CONVERSION = YES;
				GCC_WARN_ABOUT_RETURN_TYPE = YES_ERROR;
				GCC_WARN_UNDECLARED_SELECTOR = YES;
				GCC_WARN_UNINITIALIZED_AUTOS = YES_AGGRESSIVE;
				GCC_WARN_UNUSED_FUNCTION = YES;
				GCC_WARN_UNUSED_VARIABLE = YES;
				IPHONEOS_DEPLOYMENT_TARGET = 14.5;
				MTL_ENABLE_DEBUG_INFO = INCLUDE_SOURCE;
				MTL_FAST_MATH = YES;
				ONLY_ACTIVE_ARCH = YES;
				SDKROOT = iphoneos;
				SWIFT_ACTIVE_COMPILATION_CONDITIONS = DEBUG;
				SWIFT_OPTIMIZATION_LEVEL = "-Onone";
			};
			name = Debug;
		};
		2DE79F1A26D8B2F6003F9F80 /* Release */ = {
			isa = XCBuildConfiguration;
			buildSettings = {
				ALWAYS_SEARCH_USER_PATHS = NO;
				CLANG_ANALYZER_NONNULL = YES;
				CLANG_ANALYZER_NUMBER_OBJECT_CONVERSION = YES_AGGRESSIVE;
				CLANG_CXX_LANGUAGE_STANDARD = "gnu++14";
				CLANG_CXX_LIBRARY = "libc++";
				CLANG_ENABLE_MODULES = YES;
				CLANG_ENABLE_OBJC_ARC = YES;
				CLANG_ENABLE_OBJC_WEAK = YES;
				CLANG_WARN_BLOCK_CAPTURE_AUTORELEASING = YES;
				CLANG_WARN_BOOL_CONVERSION = YES;
				CLANG_WARN_COMMA = YES;
				CLANG_WARN_CONSTANT_CONVERSION = YES;
				CLANG_WARN_DEPRECATED_OBJC_IMPLEMENTATIONS = YES;
				CLANG_WARN_DIRECT_OBJC_ISA_USAGE = YES_ERROR;
				CLANG_WARN_DOCUMENTATION_COMMENTS = YES;
				CLANG_WARN_EMPTY_BODY = YES;
				CLANG_WARN_ENUM_CONVERSION = YES;
				CLANG_WARN_INFINITE_RECURSION = YES;
				CLANG_WARN_INT_CONVERSION = YES;
				CLANG_WARN_NON_LITERAL_NULL_CONVERSION = YES;
				CLANG_WARN_OBJC_IMPLICIT_RETAIN_SELF = YES;
				CLANG_WARN_OBJC_LITERAL_CONVERSION = YES;
				CLANG_WARN_OBJC_ROOT_CLASS = YES_ERROR;
				CLANG_WARN_QUOTED_INCLUDE_IN_FRAMEWORK_HEADER = YES;
				CLANG_WARN_RANGE_LOOP_ANALYSIS = YES;
				CLANG_WARN_STRICT_PROTOTYPES = YES;
				CLANG_WARN_SUSPICIOUS_MOVE = YES;
				CLANG_WARN_UNGUARDED_AVAILABILITY = YES_AGGRESSIVE;
				CLANG_WARN_UNREACHABLE_CODE = YES;
				CLANG_WARN__DUPLICATE_METHOD_MATCH = YES;
				COPY_PHASE_STRIP = NO;
				DEBUG_INFORMATION_FORMAT = "dwarf-with-dsym";
				ENABLE_NS_ASSERTIONS = NO;
				ENABLE_STRICT_OBJC_MSGSEND = YES;
				GCC_C_LANGUAGE_STANDARD = gnu11;
				GCC_NO_COMMON_BLOCKS = YES;
				GCC_WARN_64_TO_32_BIT_CONVERSION = YES;
				GCC_WARN_ABOUT_RETURN_TYPE = YES_ERROR;
				GCC_WARN_UNDECLARED_SELECTOR = YES;
				GCC_WARN_UNINITIALIZED_AUTOS = YES_AGGRESSIVE;
				GCC_WARN_UNUSED_FUNCTION = YES;
				GCC_WARN_UNUSED_VARIABLE = YES;
				IPHONEOS_DEPLOYMENT_TARGET = 14.5;
				MTL_ENABLE_DEBUG_INFO = NO;
				MTL_FAST_MATH = YES;
				SDKROOT = iphoneos;
				SWIFT_COMPILATION_MODE = wholemodule;
				SWIFT_OPTIMIZATION_LEVEL = "-O";
				VALIDATE_PRODUCT = YES;
			};
			name = Release;
		};
		2DE79F1C26D8B2F6003F9F80 /* Debug */ = {
			isa = XCBuildConfiguration;
			buildSettings = {
				ASSETCATALOG_COMPILER_APPICON_NAME = AppIcon;
				ASSETCATALOG_COMPILER_GLOBAL_ACCENT_COLOR_NAME = AccentColor;
				CODE_SIGN_STYLE = Automatic;
				DEVELOPMENT_ASSET_PATHS = "\"Tasks/Preview Content\"";
				DEVELOPMENT_TEAM = 3T2VMFZPPQ;
				ENABLE_PREVIEWS = YES;
				INFOPLIST_FILE = Tasks/Info.plist;
				IPHONEOS_DEPLOYMENT_TARGET = 14.0;
				LD_RUNPATH_SEARCH_PATHS = (
					"$(inherited)",
					"@executable_path/Frameworks",
				);
				PRODUCT_BUNDLE_IDENTIFIER = live.ditto.Tasks;
				PRODUCT_NAME = "$(TARGET_NAME)";
				SWIFT_VERSION = 5.0;
				TARGETED_DEVICE_FAMILY = "1,2";
			};
			name = Debug;
		};
		2DE79F1D26D8B2F6003F9F80 /* Release */ = {
			isa = XCBuildConfiguration;
			buildSettings = {
				ASSETCATALOG_COMPILER_APPICON_NAME = AppIcon;
				ASSETCATALOG_COMPILER_GLOBAL_ACCENT_COLOR_NAME = AccentColor;
				CODE_SIGN_STYLE = Automatic;
				DEVELOPMENT_ASSET_PATHS = "\"Tasks/Preview Content\"";
				DEVELOPMENT_TEAM = 3T2VMFZPPQ;
				ENABLE_PREVIEWS = YES;
				INFOPLIST_FILE = Tasks/Info.plist;
				IPHONEOS_DEPLOYMENT_TARGET = 14.0;
				LD_RUNPATH_SEARCH_PATHS = (
					"$(inherited)",
					"@executable_path/Frameworks",
				);
				PRODUCT_BUNDLE_IDENTIFIER = live.ditto.Tasks;
				PRODUCT_NAME = "$(TARGET_NAME)";
				SWIFT_VERSION = 5.0;
				TARGETED_DEVICE_FAMILY = "1,2";
			};
			name = Release;
		};
/* End XCBuildConfiguration section */

/* Begin XCConfigurationList section */
		2DE79F0726D8B2F5003F9F80 /* Build configuration list for PBXProject "Tasks" */ = {
			isa = XCConfigurationList;
			buildConfigurations = (
				2DE79F1926D8B2F6003F9F80 /* Debug */,
				2DE79F1A26D8B2F6003F9F80 /* Release */,
			);
			defaultConfigurationIsVisible = 0;
			defaultConfigurationName = Release;
		};
		2DE79F1B26D8B2F6003F9F80 /* Build configuration list for PBXNativeTarget "Tasks" */ = {
			isa = XCConfigurationList;
			buildConfigurations = (
				2DE79F1C26D8B2F6003F9F80 /* Debug */,
				2DE79F1D26D8B2F6003F9F80 /* Release */,
			);
			defaultConfigurationIsVisible = 0;
			defaultConfigurationName = Release;
		};
/* End XCConfigurationList section */

/* Begin XCRemoteSwiftPackageReference section */
		01A4406827F6BB4A000A870A /* XCRemoteSwiftPackageReference "DittoSwiftPackage" */ = {
			isa = XCRemoteSwiftPackageReference;
			repositoryURL = "https://github.com/getditto/DittoSwiftPackage";
			requirement = {
				kind = upToNextMajorVersion;
				minimumVersion = 1.0.0;
			};
		};
/* End XCRemoteSwiftPackageReference section */

/* Begin XCSwiftPackageProductDependency section */
		01A4406927F6BB4A000A870A /* DittoObjC */ = {
			isa = XCSwiftPackageProductDependency;
			package = 01A4406827F6BB4A000A870A /* XCRemoteSwiftPackageReference "DittoSwiftPackage" */;
			productName = DittoObjC;
		};
		01A4406B27F6BB4A000A870A /* DittoSwift */ = {
			isa = XCSwiftPackageProductDependency;
			package = 01A4406827F6BB4A000A870A /* XCRemoteSwiftPackageReference "DittoSwiftPackage" */;
			productName = DittoSwift;
		};
/* End XCSwiftPackageProductDependency section */
	};
	rootObject = 2DE79F0426D8B2F5003F9F80 /* Project object */;
}
