{
  "pins" : [
    {
      "identity" : "dittoswiftpackage",
      "kind" : "remoteSourceControl",
      "location" : "https://github.com/getditto/DittoSwiftPackage",
      "state" : {
        "branch" : "main",
        "revision" : "50b095c0eef3ebb231c67c625111cddc9b6f6fc4"
      }
    },
    {
      "identity" : "fakery",
      "kind" : "remoteSourceControl",
      "location" : "https://github.com/vadymmarkov/Fakery",
      "state" : {
        "branch" : "master",
        "revision" : "71cb3bf36a808534659d1248780c2bf3c4c4fc91"
      }
    }
  ],
  "version" : 2
}
