{
  "pins" : [
    {
      "identity" : "dittoswiftpackage",
      "kind" : "remoteSourceControl",
      "location" : "https://github.com/getditto/DittoSwiftPackage",
      "state" : {
        "revision" : "0f41078a6a7441cc56c6be952fa6bcd85b4e0199",
        "version" : "3.0.0"
      }
    }
  ],
  "version" : 2
}
