// !$*UTF8*$!
{
	archiveVersion = 1;
	classes = {
	};
	objectVersion = 51;
	objects = {

/* Begin PBXBuildFile section */
		2D1FD80F2660954900710E5D /* AppDelegate.swift in Sources */ = {isa = PBXBuildFile; fileRef = 2D1FD80E2660954900710E5D /* AppDelegate.swift */; };
		2D1FD8112660954900710E5D /* SceneDelegate.swift in Sources */ = {isa = PBXBuildFile; fileRef = 2D1FD8102660954900710E5D /* SceneDelegate.swift */; };
		2D1FD8132660954900710E5D /* ViewController.swift in Sources */ = {isa = PBXBuildFile; fileRef = 2D1FD8122660954900710E5D /* ViewController.swift */; };
		2D1FD8162660954900710E5D /* Main.storyboard in Resources */ = {isa = PBXBuildFile; fileRef = 2D1FD8142660954900710E5D /* Main.storyboard */; };
		2D1FD8182660954A00710E5D /* Assets.xcassets in Resources */ = {isa = PBXBuildFile; fileRef = 2D1FD8172660954A00710E5D /* Assets.xcassets */; };
		2D1FD81B2660954A00710E5D /* LaunchScreen.storyboard in Resources */ = {isa = PBXBuildFile; fileRef = 2D1FD8192660954A00710E5D /* LaunchScreen.storyboard */; };
		2D1FD8232660967800710E5D /* license_token.txt in Resources */ = {isa = PBXBuildFile; fileRef = 2D1FD8222660967800710E5D /* license_token.txt */; };
		B3B622E7D9B9EC8AE700F070 /* Pods_PeersList.framework in Frameworks */ = {isa = PBXBuildFile; fileRef = 0D290D7DBE2E8EF570D0CFF1 /* Pods_PeersList.framework */; };
/* End PBXBuildFile section */

/* Begin PBXFileReference section */
		0D290D7DBE2E8EF570D0CFF1 /* Pods_PeersList.framework */ = {isa = PBXFileReference; explicitFileType = wrapper.framework; includeInIndex = 0; path = Pods_PeersList.framework; sourceTree = BUILT_PRODUCTS_DIR; };
		2D1FD80B2660954900710E5D /* ToDo.app */ = {isa = PBXFileReference; explicitFileType = wrapper.application; includeInIndex = 0; path = ToDo.app; sourceTree = BUILT_PRODUCTS_DIR; };
		2D1FD80E2660954900710E5D /* AppDelegate.swift */ = {isa = PBXFileReference; lastKnownFileType = sourcecode.swift; path = AppDelegate.swift; sourceTree = "<group>"; };
		2D1FD8102660954900710E5D /* SceneDelegate.swift */ = {isa = PBXFileReference; lastKnownFileType = sourcecode.swift; path = SceneDelegate.swift; sourceTree = "<group>"; };
		2D1FD8122660954900710E5D /* ViewController.swift */ = {isa = PBXFileReference; lastKnownFileType = sourcecode.swift; path = ViewController.swift; sourceTree = "<group>"; };
		2D1FD8152660954900710E5D /* Base */ = {isa = PBXFileReference; lastKnownFileType = file.storyboard; name = Base; path = Base.lproj/Main.storyboard; sourceTree = "<group>"; };
		2D1FD8172660954A00710E5D /* Assets.xcassets */ = {isa = PBXFileReference; lastKnownFileType = folder.assetcatalog; path = Assets.xcassets; sourceTree = "<group>"; };
		2D1FD81A2660954A00710E5D /* Base */ = {isa = PBXFileReference; lastKnownFileType = file.storyboard; name = Base; path = Base.lproj/LaunchScreen.storyboard; sourceTree = "<group>"; };
		2D1FD81C2660954A00710E5D /* Info.plist */ = {isa = PBXFileReference; lastKnownFileType = text.plist.xml; path = Info.plist; sourceTree = "<group>"; };
		2D1FD8222660967800710E5D /* license_token.txt */ = {isa = PBXFileReference; fileEncoding = 4; lastKnownFileType = text; path = license_token.txt; sourceTree = "<group>"; };
		515025E9C864154A03668ED0 /* Pods-PeersList.release.xcconfig */ = {isa = PBXFileReference; includeInIndex = 1; lastKnownFileType = text.xcconfig; name = "Pods-PeersList.release.xcconfig"; path = "Target Support Files/Pods-PeersList/Pods-PeersList.release.xcconfig"; sourceTree = "<group>"; };
		DCFD5F835FFA607FAC61F3A9 /* Pods-PeersList.debug.xcconfig */ = {isa = PBXFileReference; includeInIndex = 1; lastKnownFileType = text.xcconfig; name = "Pods-PeersList.debug.xcconfig"; path = "Target Support Files/Pods-PeersList/Pods-PeersList.debug.xcconfig"; sourceTree = "<group>"; };
/* End PBXFileReference section */

/* Begin PBXFrameworksBuildPhase section */
		2D1FD8082660954900710E5D /* Frameworks */ = {
			isa = PBXFrameworksBuildPhase;
			buildActionMask = 2147483647;
			files = (
				B3B622E7D9B9EC8AE700F070 /* Pods_PeersList.framework in Frameworks */,
			);
			runOnlyForDeploymentPostprocessing = 0;
		};
/* End PBXFrameworksBuildPhase section */

/* Begin PBXGroup section */
		047BCD0D6529E5AECE08EC8A /* Pods */ = {
			isa = PBXGroup;
			children = (
				DCFD5F835FFA607FAC61F3A9 /* Pods-PeersList.debug.xcconfig */,
				515025E9C864154A03668ED0 /* Pods-PeersList.release.xcconfig */,
			);
			path = Pods;
			sourceTree = "<group>";
		};
		168A704A2734AB75CD613C15 /* Frameworks */ = {
			isa = PBXGroup;
			children = (
				0D290D7DBE2E8EF570D0CFF1 /* Pods_PeersList.framework */,
			);
			name = Frameworks;
			sourceTree = "<group>";
		};
		2D1FD8022660954900710E5D = {
			isa = PBXGroup;
			children = (
				2D1FD80D2660954900710E5D /* ToDo */,
				2D1FD80C2660954900710E5D /* Products */,
				047BCD0D6529E5AECE08EC8A /* Pods */,
				168A704A2734AB75CD613C15 /* Frameworks */,
			);
			sourceTree = "<group>";
		};
		2D1FD80C2660954900710E5D /* Products */ = {
			isa = PBXGroup;
			children = (
				2D1FD80B2660954900710E5D /* ToDo.app */,
			);
			name = Products;
			sourceTree = "<group>";
		};
		2D1FD80D2660954900710E5D /* ToDo */ = {
			isa = PBXGroup;
			children = (
				2D1FD8222660967800710E5D /* license_token.txt */,
				2D1FD80E2660954900710E5D /* AppDelegate.swift */,
				2D1FD8102660954900710E5D /* SceneDelegate.swift */,
				2D1FD8122660954900710E5D /* ViewController.swift */,
				2D1FD8142660954900710E5D /* Main.storyboard */,
				2D1FD8172660954A00710E5D /* Assets.xcassets */,
				2D1FD8192660954A00710E5D /* LaunchScreen.storyboard */,
				2D1FD81C2660954A00710E5D /* Info.plist */,
			);
			path = ToDo;
			sourceTree = "<group>";
		};
/* End PBXGroup section */

/* Begin PBXNativeTarget section */
		2D1FD80A2660954900710E5D /* ToDo */ = {
			isa = PBXNativeTarget;
			buildConfigurationList = 2D1FD81F2660954A00710E5D /* Build configuration list for PBXNativeTarget "ToDo" */;
			buildPhases = (
				900EAE6FAD0E4AC00E811D2B /* [CP] Check Pods Manifest.lock */,
				2D1FD8072660954900710E5D /* Sources */,
				2D1FD8082660954900710E5D /* Frameworks */,
				2D1FD8092660954900710E5D /* Resources */,
				27024A681E0E58BC58DCB53E /* [CP] Embed Pods Frameworks */,
			);
			buildRules = (
			);
			dependencies = (
			);
			name = ToDo;
			productName = PeersList;
			productReference = 2D1FD80B2660954900710E5D /* ToDo.app */;
			productType = "com.apple.product-type.application";
		};
/* End PBXNativeTarget section */

/* Begin PBXProject section */
		2D1FD8032660954900710E5D /* Project object */ = {
			isa = PBXProject;
			attributes = {
				LastSwiftUpdateCheck = 1250;
				LastUpgradeCheck = 1250;
				TargetAttributes = {
					2D1FD80A2660954900710E5D = {
						CreatedOnToolsVersion = 12.5;
					};
				};
			};
			buildConfigurationList = 2D1FD8062660954900710E5D /* Build configuration list for PBXProject "ToDo" */;
			compatibilityVersion = "Xcode 9.3";
			developmentRegion = en;
			hasScannedForEncodings = 0;
			knownRegions = (
				en,
				Base,
			);
			mainGroup = 2D1FD8022660954900710E5D;
			productRefGroup = 2D1FD80C2660954900710E5D /* Products */;
			projectDirPath = "";
			projectRoot = "";
			targets = (
				2D1FD80A2660954900710E5D /* ToDo */,
			);
		};
/* End PBXProject section */

/* Begin PBXResourcesBuildPhase section */
		2D1FD8092660954900710E5D /* Resources */ = {
			isa = PBXResourcesBuildPhase;
			buildActionMask = 2147483647;
			files = (
				2D1FD81B2660954A00710E5D /* LaunchScreen.storyboard in Resources */,
				2D1FD8182660954A00710E5D /* Assets.xcassets in Resources */,
				2D1FD8232660967800710E5D /* license_token.txt in Resources */,
				2D1FD8162660954900710E5D /* Main.storyboard in Resources */,
			);
			runOnlyForDeploymentPostprocessing = 0;
		};
/* End PBXResourcesBuildPhase section */

/* Begin PBXShellScriptBuildPhase section */
		27024A681E0E58BC58DCB53E /* [CP] Embed Pods Frameworks */ = {
			isa = PBXShellScriptBuildPhase;
			buildActionMask = 2147483647;
			files = (
			);
			inputFileListPaths = (
				"${PODS_ROOT}/Target Support Files/Pods-PeersList/Pods-PeersList-frameworks-${CONFIGURATION}-input-files.xcfilelist",
			);
			name = "[CP] Embed Pods Frameworks";
			outputFileListPaths = (
				"${PODS_ROOT}/Target Support Files/Pods-PeersList/Pods-PeersList-frameworks-${CONFIGURATION}-output-files.xcfilelist",
			);
			runOnlyForDeploymentPostprocessing = 0;
			shellPath = /bin/sh;
			shellScript = "\"${PODS_ROOT}/Target Support Files/Pods-PeersList/Pods-PeersList-frameworks.sh\"\n";
			showEnvVarsInLog = 0;
		};
		900EAE6FAD0E4AC00E811D2B /* [CP] Check Pods Manifest.lock */ = {
			isa = PBXShellScriptBuildPhase;
			buildActionMask = 2147483647;
			files = (
			);
			inputFileListPaths = (
			);
			inputPaths = (
				"${PODS_PODFILE_DIR_PATH}/Podfile.lock",
				"${PODS_ROOT}/Manifest.lock",
			);
			name = "[CP] Check Pods Manifest.lock";
			outputFileListPaths = (
			);
			outputPaths = (
				"$(DERIVED_FILE_DIR)/Pods-PeersList-checkManifestLockResult.txt",
			);
			runOnlyForDeploymentPostprocessing = 0;
			shellPath = /bin/sh;
			shellScript = "diff \"${PODS_PODFILE_DIR_PATH}/Podfile.lock\" \"${PODS_ROOT}/Manifest.lock\" > /dev/null\nif [ $? != 0 ] ; then\n    # print error to STDERR\n    echo \"error: The sandbox is not in sync with the Podfile.lock. Run 'pod install' or update your CocoaPods installation.\" >&2\n    exit 1\nfi\n# This output is used by Xcode 'outputs' to avoid re-running this script phase.\necho \"SUCCESS\" > \"${SCRIPT_OUTPUT_FILE_0}\"\n";
			showEnvVarsInLog = 0;
		};
/* End PBXShellScriptBuildPhase section */

/* Begin PBXSourcesBuildPhase section */
		2D1FD8072660954900710E5D /* Sources */ = {
			isa = PBXSourcesBuildPhase;
			buildActionMask = 2147483647;
			files = (
				2D1FD8132660954900710E5D /* ViewController.swift in Sources */,
				2D1FD80F2660954900710E5D /* AppDelegate.swift in Sources */,
				2D1FD8112660954900710E5D /* SceneDelegate.swift in Sources */,
			);
			runOnlyForDeploymentPostprocessing = 0;
		};
/* End PBXSourcesBuildPhase section */

/* Begin PBXVariantGroup section */
		2D1FD8142660954900710E5D /* Main.storyboard */ = {
			isa = PBXVariantGroup;
			children = (
				2D1FD8152660954900710E5D /* Base */,
			);
			name = Main.storyboard;
			sourceTree = "<group>";
		};
		2D1FD8192660954A00710E5D /* LaunchScreen.storyboard */ = {
			isa = PBXVariantGroup;
			children = (
				2D1FD81A2660954A00710E5D /* Base */,
			);
			name = LaunchScreen.storyboard;
			sourceTree = "<group>";
		};
/* End PBXVariantGroup section */

/* Begin XCBuildConfiguration section */
		2D1FD81D2660954A00710E5D /* Debug */ = {
			isa = XCBuildConfiguration;
			buildSettings = {
				ALWAYS_SEARCH_USER_PATHS = NO;
				CLANG_ANALYZER_NONNULL = YES;
				CLANG_ANALYZER_NUMBER_OBJECT_CONVERSION = YES_AGGRESSIVE;
				CLANG_CXX_LANGUAGE_STANDARD = "gnu++14";
				CLANG_CXX_LIBRARY = "libc++";
				CLANG_ENABLE_MODULES = YES;
				CLANG_ENABLE_OBJC_ARC = YES;
				CLANG_ENABLE_OBJC_WEAK = YES;
				CLANG_WARN_BLOCK_CAPTURE_AUTORELEASING = YES;
				CLANG_WARN_BOOL_CONVERSION = YES;
				CLANG_WARN_COMMA = YES;
				CLANG_WARN_CONSTANT_CONVERSION = YES;
				CLANG_WARN_DEPRECATED_OBJC_IMPLEMENTATIONS = YES;
				CLANG_WARN_DIRECT_OBJC_ISA_USAGE = YES_ERROR;
				CLANG_WARN_DOCUMENTATION_COMMENTS = YES;
				CLANG_WARN_EMPTY_BODY = YES;
				CLANG_WARN_ENUM_CONVERSION = YES;
				CLANG_WARN_INFINITE_RECURSION = YES;
				CLANG_WARN_INT_CONVERSION = YES;
				CLANG_WARN_NON_LITERAL_NULL_CONVERSION = YES;
				CLANG_WARN_OBJC_IMPLICIT_RETAIN_SELF = YES;
				CLANG_WARN_OBJC_LITERAL_CONVERSION = YES;
				CLANG_WARN_OBJC_ROOT_CLASS = YES_ERROR;
				CLANG_WARN_QUOTED_INCLUDE_IN_FRAMEWORK_HEADER = YES;
				CLANG_WARN_RANGE_LOOP_ANALYSIS = YES;
				CLANG_WARN_STRICT_PROTOTYPES = YES;
				CLANG_WARN_SUSPICIOUS_MOVE = YES;
				CLANG_WARN_UNGUARDED_AVAILABILITY = YES_AGGRESSIVE;
				CLANG_WARN_UNREACHABLE_CODE = YES;
				CLANG_WARN__DUPLICATE_METHOD_MATCH = YES;
				COPY_PHASE_STRIP = NO;
				DEBUG_INFORMATION_FORMAT = dwarf;
				ENABLE_STRICT_OBJC_MSGSEND = YES;
				ENABLE_TESTABILITY = YES;
				GCC_C_LANGUAGE_STANDARD = gnu11;
				GCC_DYNAMIC_NO_PIC = NO;
				GCC_NO_COMMON_BLOCKS = YES;
				GCC_OPTIMIZATION_LEVEL = 0;
				GCC_PREPROCESSOR_DEFINITIONS = (
					"DEBUG=1",
					"$(inherited)",
				);
				GCC_WARN_64_TO_32_BIT_CONVERSION = YES;
				GCC_WARN_ABOUT_RETURN_TYPE = YES_ERROR;
				GCC_WARN_UNDECLARED_SELECTOR = YES;
				GCC_WARN_UNINITIALIZED_AUTOS = YES_AGGRESSIVE;
				GCC_WARN_UNUSED_FUNCTION = YES;
				GCC_WARN_UNUSED_VARIABLE = YES;
				IPHONEOS_DEPLOYMENT_TARGET = 14.5;
				MTL_ENABLE_DEBUG_INFO = INCLUDE_SOURCE;
				MTL_FAST_MATH = YES;
				ONLY_ACTIVE_ARCH = YES;
				SDKROOT = iphoneos;
				SWIFT_ACTIVE_COMPILATION_CONDITIONS = DEBUG;
				SWIFT_OPTIMIZATION_LEVEL = "-Onone";
			};
			name = Debug;
		};
		2D1FD81E2660954A00710E5D /* Release */ = {
			isa = XCBuildConfiguration;
			buildSettings = {
				ALWAYS_SEARCH_USER_PATHS = NO;
				CLANG_ANALYZER_NONNULL = YES;
				CLANG_ANALYZER_NUMBER_OBJECT_CONVERSION = YES_AGGRESSIVE;
				CLANG_CXX_LANGUAGE_STANDARD = "gnu++14";
				CLANG_CXX_LIBRARY = "libc++";
				CLANG_ENABLE_MODULES = YES;
				CLANG_ENABLE_OBJC_ARC = YES;
				CLANG_ENABLE_OBJC_WEAK = YES;
				CLANG_WARN_BLOCK_CAPTURE_AUTORELEASING = YES;
				CLANG_WARN_BOOL_CONVERSION = YES;
				CLANG_WARN_COMMA = YES;
				CLANG_WARN_CONSTANT_CONVERSION = YES;
				CLANG_WARN_DEPRECATED_OBJC_IMPLEMENTATIONS = YES;
				CLANG_WARN_DIRECT_OBJC_ISA_USAGE = YES_ERROR;
				CLANG_WARN_DOCUMENTATION_COMMENTS = YES;
				CLANG_WARN_EMPTY_BODY = YES;
				CLANG_WARN_ENUM_CONVERSION = YES;
				CLANG_WARN_INFINITE_RECURSION = YES;
				CLANG_WARN_INT_CONVERSION = YES;
				CLANG_WARN_NON_LITERAL_NULL_CONVERSION = YES;
				CLANG_WARN_OBJC_IMPLICIT_RETAIN_SELF = YES;
				CLANG_WARN_OBJC_LITERAL_CONVERSION = YES;
				CLANG_WARN_OBJC_ROOT_CLASS = YES_ERROR;
				CLANG_WARN_QUOTED_INCLUDE_IN_FRAMEWORK_HEADER = YES;
				CLANG_WARN_RANGE_LOOP_ANALYSIS = YES;
				CLANG_WARN_STRICT_PROTOTYPES = YES;
				CLANG_WARN_SUSPICIOUS_MOVE = YES;
				CLANG_WARN_UNGUARDED_AVAILABILITY = YES_AGGRESSIVE;
				CLANG_WARN_UNREACHABLE_CODE = YES;
				CLANG_WARN__DUPLICATE_METHOD_MATCH = YES;
				COPY_PHASE_STRIP = NO;
				DEBUG_INFORMATION_FORMAT = "dwarf-with-dsym";
				ENABLE_NS_ASSERTIONS = NO;
				ENABLE_STRICT_OBJC_MSGSEND = YES;
				GCC_C_LANGUAGE_STANDARD = gnu11;
				GCC_NO_COMMON_BLOCKS = YES;
				GCC_WARN_64_TO_32_BIT_CONVERSION = YES;
				GCC_WARN_ABOUT_RETURN_TYPE = YES_ERROR;
				GCC_WARN_UNDECLARED_SELECTOR = YES;
				GCC_WARN_UNINITIALIZED_AUTOS = YES_AGGRESSIVE;
				GCC_WARN_UNUSED_FUNCTION = YES;
				GCC_WARN_UNUSED_VARIABLE = YES;
				IPHONEOS_DEPLOYMENT_TARGET = 14.5;
				MTL_ENABLE_DEBUG_INFO = NO;
				MTL_FAST_MATH = YES;
				SDKROOT = iphoneos;
				SWIFT_COMPILATION_MODE = wholemodule;
				SWIFT_OPTIMIZATION_LEVEL = "-O";
				VALIDATE_PRODUCT = YES;
			};
			name = Release;
		};
		2D1FD8202660954A00710E5D /* Debug */ = {
			isa = XCBuildConfiguration;
			baseConfigurationReference = DCFD5F835FFA607FAC61F3A9 /* Pods-PeersList.debug.xcconfig */;
			buildSettings = {
				ASSETCATALOG_COMPILER_APPICON_NAME = AppIcon;
				ASSETCATALOG_COMPILER_GLOBAL_ACCENT_COLOR_NAME = AccentColor;
				CODE_SIGN_STYLE = Automatic;
				DEVELOPMENT_TEAM = 3T2VMFZPPQ;
				INFOPLIST_FILE = PeersList/Info.plist;
				LD_RUNPATH_SEARCH_PATHS = (
					"$(inherited)",
					"@executable_path/Frameworks",
				);
				PRODUCT_BUNDLE_IDENTIFIER = live.ditto.PeersList;
				PRODUCT_NAME = "$(TARGET_NAME)";
				SWIFT_VERSION = 5.0;
				TARGETED_DEVICE_FAMILY = "1,2";
			};
			name = Debug;
		};
		2D1FD8212660954A00710E5D /* Release */ = {
			isa = XCBuildConfiguration;
			baseConfigurationReference = 515025E9C864154A03668ED0 /* Pods-PeersList.release.xcconfig */;
			buildSettings = {
				ASSETCATALOG_COMPILER_APPICON_NAME = AppIcon;
				ASSETCATALOG_COMPILER_GLOBAL_ACCENT_COLOR_NAME = AccentColor;
				CODE_SIGN_STYLE = Automatic;
				DEVELOPMENT_TEAM = 3T2VMFZPPQ;
				INFOPLIST_FILE = PeersList/Info.plist;
				LD_RUNPATH_SEARCH_PATHS = (
					"$(inherited)",
					"@executable_path/Frameworks",
				);
				PRODUCT_BUNDLE_IDENTIFIER = live.ditto.PeersList;
				PRODUCT_NAME = "$(TARGET_NAME)";
				SWIFT_VERSION = 5.0;
				TARGETED_DEVICE_FAMILY = "1,2";
			};
			name = Release;
		};
/* End XCBuildConfiguration section */

/* Begin XCConfigurationList section */
		2D1FD8062660954900710E5D /* Build configuration list for PBXProject "ToDo" */ = {
			isa = XCConfigurationList;
			buildConfigurations = (
				2D1FD81D2660954A00710E5D /* Debug */,
				2D1FD81E2660954A00710E5D /* Release */,
			);
			defaultConfigurationIsVisible = 0;
			defaultConfigurationName = Release;
		};
		2D1FD81F2660954A00710E5D /* Build configuration list for PBXNativeTarget "ToDo" */ = {
			isa = XCConfigurationList;
			buildConfigurations = (
				2D1FD8202660954A00710E5D /* Debug */,
				2D1FD8212660954A00710E5D /* Release */,
			);
			defaultConfigurationIsVisible = 0;
			defaultConfigurationName = Release;
		};
/* End XCConfigurationList section */
	};
	rootObject = 2D1FD8032660954900710E5D /* Project object */;
}
