{
  "pins" : [
    {
      "identity" : "auth0.swift",
      "kind" : "remoteSourceControl",
      "location" : "https://github.com/auth0/Auth0.swift",
      "state" : {
        "revision" : "f60927196902e83934adc9407134994347f24db8",
        "version" : "2.3.2"
      }
    },
    {
      "identity" : "dittoswiftpackage",
      "kind" : "remoteSourceControl",
      "location" : "https://github.com/getditto/DittoSwiftPackage",
      "state" : {
        "revision" : "ee0d49b588065ac6a4149c1df95b9d6bc5cc975a",
        "version" : "4.0.1"
      }
    },
    {
      "identity" : "jwtdecode.swift",
      "kind" : "remoteSourceControl",
      "location" : "https://github.com/auth0/JWTDecode.swift.git",
      "state" : {
        "revision" : "7918a343e674c7707e0be120bb4e21d679be014c",
        "version" : "3.0.1"
      }
    },
    {
      "identity" : "simplekeychain",
      "kind" : "remoteSourceControl",
      "location" : "https://github.com/auth0/SimpleKeychain.git",
      "state" : {
        "revision" : "7f7be4a7dfc9164c2c66f95193cec9df9ac47d58",
        "version" : "1.0.1"
      }
    }
  ],
  "version" : 2
}
