PODS:
  - Cartography (3.1.0)
  - DittoMeshKit (2.3.1)
  - Eureka (4.3.0)
  - HexColors (6.0.0)
  - HockeySDK (5.1.4):
    - HockeySDK/DefaultLib (= 5.1.4)
  - HockeySDK/DefaultLib (5.1.4)
  - THLabel (1.4.8)

DEPENDENCIES:
  - Cartography
  - DittoMeshKit (~> 2.3)
  - Eureka
  - HexColors
  - HockeySDK
  - THLabel

SPEC REPOS:
  https://github.com/cocoapods/specs.git:
    - Cartography
    - DittoMeshKit
    - Eureka
    - HexColors
    - HockeySDK
    - THLabel

SPEC CHECKSUMS:
  Cartography: 1988b7578871a56c036e7af17195cb2190edf18c
  DittoMeshKit: 4246d22a0cfd047175e4d64c7018173f6108bda0
  Eureka: 6d711cb30ca333b4bc893110285a722ae3840114
  HexColors: f8c66339541a74bb08905bfe7cd4f8cc85e9e173
  HockeySDK: 15afe6bc0a5bfe3a531fd73dbf082095f37dac3b
  THLabel: a2ca21c06cd7daba5c0c6d3095d48f6c137a3d80

PODFILE CHECKSUM: 5e97f4438b4bea1c83f30c9160f1257112cbc4b7

COCOAPODS: 1.5.3
