PODS:
  - Cartography (3.0.2)
  - DittoMeshKit (2.3.1)
  - Eureka (4.2.0)

DEPENDENCIES:
  - Cartography
  - DittoMeshKit (~> 2.3)
  - Eureka

SPEC REPOS:
  https://github.com/cocoapods/specs.git:
    - Cartography
    - DittoMeshKit
    - Eureka

SPEC CHECKSUMS:
  Cartography: 231190d7d0b3107ce8d67c54189f059a509b3760
  DittoMeshKit: 4246d22a0cfd047175e4d64c7018173f6108bda0
  Eureka: 0748c7bbb2560130e43c7bfa83e99c98854a1f42

PODFILE CHECKSUM: 01fd8c3f403c1527db68bee514eaf1806d1725aa

COCOAPODS: 1.5.3
