{
  "name": "nodejs",
  "version": "1.0.0",
  "lockfileVersion": 2,
  "requires": true,
  "packages": {
    "": {
      "name": "nodejs",
      "version": "1.0.0",
      "license": "ISC",
      "dependencies": {
        "@dittolive/ditto": "^3.0.0",
        "@types/node": "^18.11.16",
        "readline": "^1.3.0"
      }
    },
    "node_modules/@dittolive/ditto": {
      "version": "3.0.0",
      "resolved": "https://registry.npmjs.org/@dittolive/ditto/-/ditto-3.0.0.tgz",
      "integrity": "sha512-Mw2U1Y8P4veumRe0HxtlfhmcQAwrQnXmWdCK2J5vbwEBjhfC/KwBu/V+lfnC1cJlfgUiONN9AD45/NuoszN8NA==",
      "dependencies": {
        "cbor-redux": "^0.4.0"
      },
      "engines": {
        "node": ">=14"
      }
    },
    "node_modules/@types/node": {
      "version": "18.11.16",
      "resolved": "https://registry.npmjs.org/@types/node/-/node-18.11.16.tgz",
      "integrity": "sha512-6T7P5bDkRhqRxrQtwj7vru+bWTpelgtcETAZEUSdq0YISKz8WKdoBukQLYQQ6DFHvU9JRsbFq0JH5C51X2ZdnA=="
    },
    "node_modules/cbor-redux": {
      "version": "0.4.0",
      "resolved": "https://registry.npmjs.org/cbor-redux/-/cbor-redux-0.4.0.tgz",
      "integrity": "sha512-jP8BB9zF2uVTwbNXe7kRNIQRmKFMNKZcx0A+TCc6v3kJHoIKzKexQ+DjvXP/G5HuPF88myDdVE2grBOizsbMxg=="
    },
    "node_modules/readline": {
      "version": "1.3.0",
      "resolved": "https://registry.npmjs.org/readline/-/readline-1.3.0.tgz",
      "integrity": "sha512-k2d6ACCkiNYz222Fs/iNze30rRJ1iIicW7JuX/7/cozvih6YCkFZH+J6mAFDVgv0dRBaAyr4jDqC95R2y4IADg=="
    }
  },
  "dependencies": {
    "@dittolive/ditto": {
      "version": "3.0.0",
      "resolved": "https://registry.npmjs.org/@dittolive/ditto/-/ditto-3.0.0.tgz",
      "integrity": "sha512-Mw2U1Y8P4veumRe0HxtlfhmcQAwrQnXmWdCK2J5vbwEBjhfC/KwBu/V+lfnC1cJlfgUiONN9AD45/NuoszN8NA==",
      "requires": {
        "cbor-redux": "^0.4.0"
      }
    },
    "@types/node": {
      "version": "18.11.16",
      "resolved": "https://registry.npmjs.org/@types/node/-/node-18.11.16.tgz",
      "integrity": "sha512-6T7P5bDkRhqRxrQtwj7vru+bWTpelgtcETAZEUSdq0YISKz8WKdoBukQLYQQ6DFHvU9JRsbFq0JH5C51X2ZdnA=="
    },
    "cbor-redux": {
      "version": "0.4.0",
      "resolved": "https://registry.npmjs.org/cbor-redux/-/cbor-redux-0.4.0.tgz",
      "integrity": "sha512-jP8BB9zF2uVTwbNXe7kRNIQRmKFMNKZcx0A+TCc6v3kJHoIKzKexQ+DjvXP/G5HuPF88myDdVE2grBOizsbMxg=="
    },
    "readline": {
      "version": "1.3.0",
      "resolved": "https://registry.npmjs.org/readline/-/readline-1.3.0.tgz",
      "integrity": "sha512-k2d6ACCkiNYz222Fs/iNze30rRJ1iIicW7JuX/7/cozvih6YCkFZH+J6mAFDVgv0dRBaAyr4jDqC95R2y4IADg=="
    }
  }
}
