{
  "pins" : [
    {
      "identity" : "dittoswiftpackage",
      "kind" : "remoteSourceControl",
      "location" : "https://github.com/getditto/DittoSwiftPackage",
      "state" : {
        "revision" : "5e061f75dc6e6dd1230b46710897a94bbcedfd6d",
        "version" : "2.0.0"
      }
    }
  ],
  "version" : 2
}
