// !$*UTF8*$!
{
	archiveVersion = 1;
	classes = {
	};
	objectVersion = 52;
	objects = {

/* Begin PBXBuildFile section */
		01FB74772889F26500EE2C74 /* DittoObjC in Frameworks */ = {isa = PBXBuildFile; productRef = 01FB74762889F26500EE2C74 /* DittoObjC */; };
		01FB74792889F26500EE2C74 /* DittoSwift in Frameworks */ = {isa = PBXBuildFile; productRef = 01FB74782889F26500EE2C74 /* DittoSwift */; };
		01FB747C2889F28700EE2C74 /* Fakery in Frameworks */ = {isa = PBXBuildFile; productRef = 01FB747B2889F28700EE2C74 /* Fakery */; };
		2D1FD80F2660954900710E5D /* AppDelegate.swift in Sources */ = {isa = PBXBuildFile; fileRef = 2D1FD80E2660954900710E5D /* AppDelegate.swift */; };
		2D1FD8112660954900710E5D /* SceneDelegate.swift in Sources */ = {isa = PBXBuildFile; fileRef = 2D1FD8102660954900710E5D /* SceneDelegate.swift */; };
		2D1FD8132660954900710E5D /* ViewController.swift in Sources */ = {isa = PBXBuildFile; fileRef = 2D1FD8122660954900710E5D /* ViewController.swift */; };
		2D1FD8162660954900710E5D /* Main.storyboard in Resources */ = {isa = PBXBuildFile; fileRef = 2D1FD8142660954900710E5D /* Main.storyboard */; };
		2D1FD8182660954A00710E5D /* Assets.xcassets in Resources */ = {isa = PBXBuildFile; fileRef = 2D1FD8172660954A00710E5D /* Assets.xcassets */; };
		2D1FD81B2660954A00710E5D /* LaunchScreen.storyboard in Resources */ = {isa = PBXBuildFile; fileRef = 2D1FD8192660954A00710E5D /* LaunchScreen.storyboard */; };
		2D1FD8232660967800710E5D /* license_token.txt in Resources */ = {isa = PBXBuildFile; fileRef = 2D1FD8222660967800710E5D /* license_token.txt */; };
/* End PBXBuildFile section */

/* Begin PBXFileReference section */
		2D1FD80B2660954900710E5D /* PeersList.app */ = {isa = PBXFileReference; explicitFileType = wrapper.application; includeInIndex = 0; path = PeersList.app; sourceTree = BUILT_PRODUCTS_DIR; };
		2D1FD80E2660954900710E5D /* AppDelegate.swift */ = {isa = PBXFileReference; lastKnownFileType = sourcecode.swift; path = AppDelegate.swift; sourceTree = "<group>"; };
		2D1FD8102660954900710E5D /* SceneDelegate.swift */ = {isa = PBXFileReference; lastKnownFileType = sourcecode.swift; path = SceneDelegate.swift; sourceTree = "<group>"; };
		2D1FD8122660954900710E5D /* ViewController.swift */ = {isa = PBXFileReference; lastKnownFileType = sourcecode.swift; path = ViewController.swift; sourceTree = "<group>"; };
		2D1FD8152660954900710E5D /* Base */ = {isa = PBXFileReference; lastKnownFileType = file.storyboard; name = Base; path = Base.lproj/Main.storyboard; sourceTree = "<group>"; };
		2D1FD8172660954A00710E5D /* Assets.xcassets */ = {isa = PBXFileReference; lastKnownFileType = folder.assetcatalog; path = Assets.xcassets; sourceTree = "<group>"; };
		2D1FD81A2660954A00710E5D /* Base */ = {isa = PBXFileReference; lastKnownFileType = file.storyboard; name = Base; path = Base.lproj/LaunchScreen.storyboard; sourceTree = "<group>"; };
		2D1FD81C2660954A00710E5D /* Info.plist */ = {isa = PBXFileReference; lastKnownFileType = text.plist.xml; path = Info.plist; sourceTree = "<group>"; };
		2D1FD8222660967800710E5D /* license_token.txt */ = {isa = PBXFileReference; fileEncoding = 4; lastKnownFileType = text; path = license_token.txt; sourceTree = "<group>"; };
/* End PBXFileReference section */

/* Begin PBXFrameworksBuildPhase section */
		2D1FD8082660954900710E5D /* Frameworks */ = {
			isa = PBXFrameworksBuildPhase;
			buildActionMask = 2147483647;
			files = (
				01FB74772889F26500EE2C74 /* DittoObjC in Frameworks */,
				01FB74792889F26500EE2C74 /* DittoSwift in Frameworks */,
				01FB747C2889F28700EE2C74 /* Fakery in Frameworks */,
			);
			runOnlyForDeploymentPostprocessing = 0;
		};
/* End PBXFrameworksBuildPhase section */

/* Begin PBXGroup section */
		2D1FD8022660954900710E5D = {
			isa = PBXGroup;
			children = (
				2D1FD80D2660954900710E5D /* PeersList */,
				2D1FD80C2660954900710E5D /* Products */,
			);
			sourceTree = "<group>";
		};
		2D1FD80C2660954900710E5D /* Products */ = {
			isa = PBXGroup;
			children = (
				2D1FD80B2660954900710E5D /* PeersList.app */,
			);
			name = Products;
			sourceTree = "<group>";
		};
		2D1FD80D2660954900710E5D /* PeersList */ = {
			isa = PBXGroup;
			children = (
				2D1FD8222660967800710E5D /* license_token.txt */,
				2D1FD80E2660954900710E5D /* AppDelegate.swift */,
				2D1FD8102660954900710E5D /* SceneDelegate.swift */,
				2D1FD8122660954900710E5D /* ViewController.swift */,
				2D1FD8142660954900710E5D /* Main.storyboard */,
				2D1FD8172660954A00710E5D /* Assets.xcassets */,
				2D1FD8192660954A00710E5D /* LaunchScreen.storyboard */,
				2D1FD81C2660954A00710E5D /* Info.plist */,
			);
			path = PeersList;
			sourceTree = "<group>";
		};
/* End PBXGroup section */

/* Begin PBXNativeTarget section */
		2D1FD80A2660954900710E5D /* PeersList */ = {
			isa = PBXNativeTarget;
			buildConfigurationList = 2D1FD81F2660954A00710E5D /* Build configuration list for PBXNativeTarget "PeersList" */;
			buildPhases = (
				2D1FD8072660954900710E5D /* Sources */,
				2D1FD8082660954900710E5D /* Frameworks */,
				2D1FD8092660954900710E5D /* Resources */,
			);
			buildRules = (
			);
			dependencies = (
			);
			name = PeersList;
			packageProductDependencies = (
				01FB74762889F26500EE2C74 /* DittoObjC */,
				01FB74782889F26500EE2C74 /* DittoSwift */,
				01FB747B2889F28700EE2C74 /* Fakery */,
			);
			productName = PeersList;
			productReference = 2D1FD80B2660954900710E5D /* PeersList.app */;
			productType = "com.apple.product-type.application";
		};
/* End PBXNativeTarget section */

/* Begin PBXProject section */
		2D1FD8032660954900710E5D /* Project object */ = {
			isa = PBXProject;
			attributes = {
				LastSwiftUpdateCheck = 1250;
				LastUpgradeCheck = 1250;
				TargetAttributes = {
					2D1FD80A2660954900710E5D = {
						CreatedOnToolsVersion = 12.5;
					};
				};
			};
			buildConfigurationList = 2D1FD8062660954900710E5D /* Build configuration list for PBXProject "PeersList" */;
			compatibilityVersion = "Xcode 9.3";
			developmentRegion = en;
			hasScannedForEncodings = 0;
			knownRegions = (
				en,
				Base,
			);
			mainGroup = 2D1FD8022660954900710E5D;
			packageReferences = (
				01FB74752889F26500EE2C74 /* XCRemoteSwiftPackageReference "DittoSwiftPackage" */,
				01FB747A2889F28700EE2C74 /* XCRemoteSwiftPackageReference "Fakery" */,
			);
			productRefGroup = 2D1FD80C2660954900710E5D /* Products */;
			projectDirPath = "";
			projectRoot = "";
			targets = (
				2D1FD80A2660954900710E5D /* PeersList */,
			);
		};
/* End PBXProject section */

/* Begin PBXResourcesBuildPhase section */
		2D1FD8092660954900710E5D /* Resources */ = {
			isa = PBXResourcesBuildPhase;
			buildActionMask = 2147483647;
			files = (
				2D1FD81B2660954A00710E5D /* LaunchScreen.storyboard in Resources */,
				2D1FD8182660954A00710E5D /* Assets.xcassets in Resources */,
				2D1FD8232660967800710E5D /* license_token.txt in Resources */,
				2D1FD8162660954900710E5D /* Main.storyboard in Resources */,
			);
			runOnlyForDeploymentPostprocessing = 0;
		};
/* End PBXResourcesBuildPhase section */

/* Begin PBXSourcesBuildPhase section */
		2D1FD8072660954900710E5D /* Sources */ = {
			isa = PBXSourcesBuildPhase;
			buildActionMask = 2147483647;
			files = (
				2D1FD8132660954900710E5D /* ViewController.swift in Sources */,
				2D1FD80F2660954900710E5D /* AppDelegate.swift in Sources */,
				2D1FD8112660954900710E5D /* SceneDelegate.swift in Sources */,
			);
			runOnlyForDeploymentPostprocessing = 0;
		};
/* End PBXSourcesBuildPhase section */

/* Begin PBXVariantGroup section */
		2D1FD8142660954900710E5D /* Main.storyboard */ = {
			isa = PBXVariantGroup;
			children = (
				2D1FD8152660954900710E5D /* Base */,
			);
			name = Main.storyboard;
			sourceTree = "<group>";
		};
		2D1FD8192660954A00710E5D /* LaunchScreen.storyboard */ = {
			isa = PBXVariantGroup;
			children = (
				2D1FD81A2660954A00710E5D /* Base */,
			);
			name = LaunchScreen.storyboard;
			sourceTree = "<group>";
		};
/* End PBXVariantGroup section */

/* Begin XCBuildConfiguration section */
		2D1FD81D2660954A00710E5D /* Debug */ = {
			isa = XCBuildConfiguration;
			buildSettings = {
				ALWAYS_SEARCH_USER_PATHS = NO;
				CLANG_ANALYZER_NONNULL = YES;
				CLANG_ANALYZER_NUMBER_OBJECT_CONVERSION = YES_AGGRESSIVE;
				CLANG_CXX_LANGUAGE_STANDARD = "gnu++14";
				CLANG_CXX_LIBRARY = "libc++";
				CLANG_ENABLE_MODULES = YES;
				CLANG_ENABLE_OBJC_ARC = YES;
				CLANG_ENABLE_OBJC_WEAK = YES;
				CLANG_WARN_BLOCK_CAPTURE_AUTORELEASING = YES;
				CLANG_WARN_BOOL_CONVERSION = YES;
				CLANG_WARN_COMMA = YES;
				CLANG_WARN_CONSTANT_CONVERSION = YES;
				CLANG_WARN_DEPRECATED_OBJC_IMPLEMENTATIONS = YES;
				CLANG_WARN_DIRECT_OBJC_ISA_USAGE = YES_ERROR;
				CLANG_WARN_DOCUMENTATION_COMMENTS = YES;
				CLANG_WARN_EMPTY_BODY = YES;
				CLANG_WARN_ENUM_CONVERSION = YES;
				CLANG_WARN_INFINITE_RECURSION = YES;
				CLANG_WARN_INT_CONVERSION = YES;
				CLANG_WARN_NON_LITERAL_NULL_CONVERSION = YES;
				CLANG_WARN_OBJC_IMPLICIT_RETAIN_SELF = YES;
				CLANG_WARN_OBJC_LITERAL_CONVERSION = YES;
				CLANG_WARN_OBJC_ROOT_CLASS = YES_ERROR;
				CLANG_WARN_QUOTED_INCLUDE_IN_FRAMEWORK_HEADER = YES;
				CLANG_WARN_RANGE_LOOP_ANALYSIS = YES;
				CLANG_WARN_STRICT_PROTOTYPES = YES;
				CLANG_WARN_SUSPICIOUS_MOVE = YES;
				CLANG_WARN_UNGUARDED_AVAILABILITY = YES_AGGRESSIVE;
				CLANG_WARN_UNREACHABLE_CODE = YES;
				CLANG_WARN__DUPLICATE_METHOD_MATCH = YES;
				COPY_PHASE_STRIP = NO;
				DEBUG_INFORMATION_FORMAT = dwarf;
				ENABLE_STRICT_OBJC_MSGSEND = YES;
				ENABLE_TESTABILITY = YES;
				GCC_C_LANGUAGE_STANDARD = gnu11;
				GCC_DYNAMIC_NO_PIC = NO;
				GCC_NO_COMMON_BLOCKS = YES;
				GCC_OPTIMIZATION_LEVEL = 0;
				GCC_PREPROCESSOR_DEFINITIONS = (
					"DEBUG=1",
					"$(inherited)",
				);
				GCC_WARN_64_TO_32_BIT_CONVERSION = YES;
				GCC_WARN_ABOUT_RETURN_TYPE = YES_ERROR;
				GCC_WARN_UNDECLARED_SELECTOR = YES;
				GCC_WARN_UNINITIALIZED_AUTOS = YES_AGGRESSIVE;
				GCC_WARN_UNUSED_FUNCTION = YES;
				GCC_WARN_UNUSED_VARIABLE = YES;
				IPHONEOS_DEPLOYMENT_TARGET = 14.5;
				MTL_ENABLE_DEBUG_INFO = INCLUDE_SOURCE;
				MTL_FAST_MATH = YES;
				ONLY_ACTIVE_ARCH = YES;
				SDKROOT = iphoneos;
				SWIFT_ACTIVE_COMPILATION_CONDITIONS = DEBUG;
				SWIFT_OPTIMIZATION_LEVEL = "-Onone";
			};
			name = Debug;
		};
		2D1FD81E2660954A00710E5D /* Release */ = {
			isa = XCBuildConfiguration;
			buildSettings = {
				ALWAYS_SEARCH_USER_PATHS = NO;
				CLANG_ANALYZER_NONNULL = YES;
				CLANG_ANALYZER_NUMBER_OBJECT_CONVERSION = YES_AGGRESSIVE;
				CLANG_CXX_LANGUAGE_STANDARD = "gnu++14";
				CLANG_CXX_LIBRARY = "libc++";
				CLANG_ENABLE_MODULES = YES;
				CLANG_ENABLE_OBJC_ARC = YES;
				CLANG_ENABLE_OBJC_WEAK = YES;
				CLANG_WARN_BLOCK_CAPTURE_AUTORELEASING = YES;
				CLANG_WARN_BOOL_CONVERSION = YES;
				CLANG_WARN_COMMA = YES;
				CLANG_WARN_CONSTANT_CONVERSION = YES;
				CLANG_WARN_DEPRECATED_OBJC_IMPLEMENTATIONS = YES;
				CLANG_WARN_DIRECT_OBJC_ISA_USAGE = YES_ERROR;
				CLANG_WARN_DOCUMENTATION_COMMENTS = YES;
				CLANG_WARN_EMPTY_BODY = YES;
				CLANG_WARN_ENUM_CONVERSION = YES;
				CLANG_WARN_INFINITE_RECURSION = YES;
				CLANG_WARN_INT_CONVERSION = YES;
				CLANG_WARN_NON_LITERAL_NULL_CONVERSION = YES;
				CLANG_WARN_OBJC_IMPLICIT_RETAIN_SELF = YES;
				CLANG_WARN_OBJC_LITERAL_CONVERSION = YES;
				CLANG_WARN_OBJC_ROOT_CLASS = YES_ERROR;
				CLANG_WARN_QUOTED_INCLUDE_IN_FRAMEWORK_HEADER = YES;
				CLANG_WARN_RANGE_LOOP_ANALYSIS = YES;
				CLANG_WARN_STRICT_PROTOTYPES = YES;
				CLANG_WARN_SUSPICIOUS_MOVE = YES;
				CLANG_WARN_UNGUARDED_AVAILABILITY = YES_AGGRESSIVE;
				CLANG_WARN_UNREACHABLE_CODE = YES;
				CLANG_WARN__DUPLICATE_METHOD_MATCH = YES;
				COPY_PHASE_STRIP = NO;
				DEBUG_INFORMATION_FORMAT = "dwarf-with-dsym";
				ENABLE_NS_ASSERTIONS = NO;
				ENABLE_STRICT_OBJC_MSGSEND = YES;
				GCC_C_LANGUAGE_STANDARD = gnu11;
				GCC_NO_COMMON_BLOCKS = YES;
				GCC_WARN_64_TO_32_BIT_CONVERSION = YES;
				GCC_WARN_ABOUT_RETURN_TYPE = YES_ERROR;
				GCC_WARN_UNDECLARED_SELECTOR = YES;
				GCC_WARN_UNINITIALIZED_AUTOS = YES_AGGRESSIVE;
				GCC_WARN_UNUSED_FUNCTION = YES;
				GCC_WARN_UNUSED_VARIABLE = YES;
				IPHONEOS_DEPLOYMENT_TARGET = 14.5;
				MTL_ENABLE_DEBUG_INFO = NO;
				MTL_FAST_MATH = YES;
				SDKROOT = iphoneos;
				SWIFT_COMPILATION_MODE = wholemodule;
				SWIFT_OPTIMIZATION_LEVEL = "-O";
				VALIDATE_PRODUCT = YES;
			};
			name = Release;
		};
		2D1FD8202660954A00710E5D /* Debug */ = {
			isa = XCBuildConfiguration;
			buildSettings = {
				ASSETCATALOG_COMPILER_APPICON_NAME = AppIcon;
				ASSETCATALOG_COMPILER_GLOBAL_ACCENT_COLOR_NAME = AccentColor;
				CODE_SIGN_STYLE = Automatic;
				DEVELOPMENT_TEAM = 3T2VMFZPPQ;
				INFOPLIST_FILE = PeersList/Info.plist;
				LD_RUNPATH_SEARCH_PATHS = (
					"$(inherited)",
					"@executable_path/Frameworks",
				);
				PRODUCT_BUNDLE_IDENTIFIER = live.ditto.PeersList;
				PRODUCT_NAME = "$(TARGET_NAME)";
				SWIFT_VERSION = 5.0;
				TARGETED_DEVICE_FAMILY = "1,2";
			};
			name = Debug;
		};
		2D1FD8212660954A00710E5D /* Release */ = {
			isa = XCBuildConfiguration;
			buildSettings = {
				ASSETCATALOG_COMPILER_APPICON_NAME = AppIcon;
				ASSETCATALOG_COMPILER_GLOBAL_ACCENT_COLOR_NAME = AccentColor;
				CODE_SIGN_STYLE = Automatic;
				DEVELOPMENT_TEAM = 3T2VMFZPPQ;
				INFOPLIST_FILE = PeersList/Info.plist;
				LD_RUNPATH_SEARCH_PATHS = (
					"$(inherited)",
					"@executable_path/Frameworks",
				);
				PRODUCT_BUNDLE_IDENTIFIER = live.ditto.PeersList;
				PRODUCT_NAME = "$(TARGET_NAME)";
				SWIFT_VERSION = 5.0;
				TARGETED_DEVICE_FAMILY = "1,2";
			};
			name = Release;
		};
/* End XCBuildConfiguration section */

/* Begin XCConfigurationList section */
		2D1FD8062660954900710E5D /* Build configuration list for PBXProject "PeersList" */ = {
			isa = XCConfigurationList;
			buildConfigurations = (
				2D1FD81D2660954A00710E5D /* Debug */,
				2D1FD81E2660954A00710E5D /* Release */,
			);
			defaultConfigurationIsVisible = 0;
			defaultConfigurationName = Release;
		};
		2D1FD81F2660954A00710E5D /* Build configuration list for PBXNativeTarget "PeersList" */ = {
			isa = XCConfigurationList;
			buildConfigurations = (
				2D1FD8202660954A00710E5D /* Debug */,
				2D1FD8212660954A00710E5D /* Release */,
			);
			defaultConfigurationIsVisible = 0;
			defaultConfigurationName = Release;
		};
/* End XCConfigurationList section */

/* Begin XCRemoteSwiftPackageReference section */
		01FB74752889F26500EE2C74 /* XCRemoteSwiftPackageReference "DittoSwiftPackage" */ = {
			isa = XCRemoteSwiftPackageReference;
			repositoryURL = "https://github.com/getditto/DittoSwiftPackage";
			requirement = {
				kind = upToNextMajorVersion;
				minimumVersion = "2.0.0-alpha1";
			};
		};
		01FB747A2889F28700EE2C74 /* XCRemoteSwiftPackageReference "Fakery" */ = {
			isa = XCRemoteSwiftPackageReference;
			repositoryURL = "https://github.com/vadymmarkov/Fakery";
			requirement = {
				kind = upToNextMajorVersion;
				minimumVersion = 5.0.0;
			};
		};
/* End XCRemoteSwiftPackageReference section */

/* Begin XCSwiftPackageProductDependency section */
		01FB74762889F26500EE2C74 /* DittoObjC */ = {
			isa = XCSwiftPackageProductDependency;
			package = 01FB74752889F26500EE2C74 /* XCRemoteSwiftPackageReference "DittoSwiftPackage" */;
			productName = DittoObjC;
		};
		01FB74782889F26500EE2C74 /* DittoSwift */ = {
			isa = XCSwiftPackageProductDependency;
			package = 01FB74752889F26500EE2C74 /* XCRemoteSwiftPackageReference "DittoSwiftPackage" */;
			productName = DittoSwift;
		};
		01FB747B2889F28700EE2C74 /* Fakery */ = {
			isa = XCSwiftPackageProductDependency;
			package = 01FB747A2889F28700EE2C74 /* XCRemoteSwiftPackageReference "Fakery" */;
			productName = Fakery;
		};
/* End XCSwiftPackageProductDependency section */
	};
	rootObject = 2D1FD8032660954900710E5D /* Project object */;
}
