// !$*UTF8*$!
{
	archiveVersion = 1;
	classes = {
	};
	objectVersion = 55;
	objects = {

/* Begin PBXBuildFile section */
		2D5238802885BF3700909CF9 /* DittoMessagesApp.swift in Sources */ = {isa = PBXBuildFile; fileRef = 2D52387F2885BF3700909CF9 /* DittoMessagesApp.swift */; };
		2D5238842885BF3900909CF9 /* Assets.xcassets in Resources */ = {isa = PBXBuildFile; fileRef = 2D5238832885BF3900909CF9 /* Assets.xcassets */; };
		2D5238872885BF3900909CF9 /* Preview Assets.xcassets in Resources */ = {isa = PBXBuildFile; fileRef = 2D5238862885BF3900909CF9 /* Preview Assets.xcassets */; };
		2D52388F2885BF9A00909CF9 /* AvatarView.swift in Sources */ = {isa = PBXBuildFile; fileRef = 2D52388E2885BF9A00909CF9 /* AvatarView.swift */; };
		2D5238912885CBFF00909CF9 /* MessageView.swift in Sources */ = {isa = PBXBuildFile; fileRef = 2D5238902885CBFF00909CF9 /* MessageView.swift */; };
		2D5238932885DBB800909CF9 /* MessagesView.swift in Sources */ = {isa = PBXBuildFile; fileRef = 2D5238922885DBB800909CF9 /* MessagesView.swift */; };
		2D52389728865F1200909CF9 /* ChatInputView.swift in Sources */ = {isa = PBXBuildFile; fileRef = 2D52389628865F1200909CF9 /* ChatInputView.swift */; };
		2D5238A02887717B00909CF9 /* ExpandingTextView.swift in Sources */ = {isa = PBXBuildFile; fileRef = 2D52389F2887717B00909CF9 /* ExpandingTextView.swift */; };
		2D5238A42887949300909CF9 /* Message.swift in Sources */ = {isa = PBXBuildFile; fileRef = 2D5238A32887949300909CF9 /* Message.swift */; };
		2D5238A62887954900909CF9 /* User.swift in Sources */ = {isa = PBXBuildFile; fileRef = 2D5238A52887954900909CF9 /* User.swift */; };
		2D5238A9288874C100909CF9 /* MessageBubbleView.swift in Sources */ = {isa = PBXBuildFile; fileRef = 2D5238A8288874C100909CF9 /* MessageBubbleView.swift */; };
		2D5238AC288878B100909CF9 /* Fakery in Frameworks */ = {isa = PBXBuildFile; productRef = 2D5238AB288878B100909CF9 /* Fakery */; };
		2D5238AF2888793E00909CF9 /* StartingScreen.swift in Sources */ = {isa = PBXBuildFile; fileRef = 2D5238AE2888793E00909CF9 /* StartingScreen.swift */; };
		2D5238B1288882CA00909CF9 /* MessageWithUser.swift in Sources */ = {isa = PBXBuildFile; fileRef = 2D5238B0288882CA00909CF9 /* MessageWithUser.swift */; };
		2D5238B728889F0E00909CF9 /* ProfileScreen.swift in Sources */ = {isa = PBXBuildFile; fileRef = 2D5238B628889F0E00909CF9 /* ProfileScreen.swift */; };
		2D5238BA2888A56700909CF9 /* ProfileScreenViewModel.swift in Sources */ = {isa = PBXBuildFile; fileRef = 2D5238B92888A56700909CF9 /* ProfileScreenViewModel.swift */; };
		2D5238BF2888A66900909CF9 /* DittoObjC in Frameworks */ = {isa = PBXBuildFile; productRef = 2D5238BE2888A66900909CF9 /* DittoObjC */; };
		2D5238C12888A66900909CF9 /* DittoSwift in Frameworks */ = {isa = PBXBuildFile; productRef = 2D5238C02888A66900909CF9 /* DittoSwift */; };
		2D5238C32888A90800909CF9 /* UserDefaultsExtensions.swift in Sources */ = {isa = PBXBuildFile; fileRef = 2D5238C22888A90800909CF9 /* UserDefaultsExtensions.swift */; };
		2D5238C52888AA0F00909CF9 /* DittoManager.swift in Sources */ = {isa = PBXBuildFile; fileRef = 2D5238C42888AA0F00909CF9 /* DittoManager.swift */; };
		2D5238C92888AE2200909CF9 /* StartingScreenViewModel.swift in Sources */ = {isa = PBXBuildFile; fileRef = 2D5238C82888AE2200909CF9 /* StartingScreenViewModel.swift */; };
		2D5238CB2888B6B800909CF9 /* Room.swift in Sources */ = {isa = PBXBuildFile; fileRef = 2D5238CA2888B6B800909CF9 /* Room.swift */; };
		2D5238CE2888B91700909CF9 /* ChatScreenViewModel.swift in Sources */ = {isa = PBXBuildFile; fileRef = 2D5238CD2888B91700909CF9 /* ChatScreenViewModel.swift */; };
		2D5238D02888BBE600909CF9 /* ChatScreen.swift in Sources */ = {isa = PBXBuildFile; fileRef = 2D5238CF2888BBE600909CF9 /* ChatScreen.swift */; };
		2D5238D32888BEAC00909CF9 /* RoomEditScreen.swift in Sources */ = {isa = PBXBuildFile; fileRef = 2D5238D22888BEAC00909CF9 /* RoomEditScreen.swift */; };
		2D5238D52888BEB600909CF9 /* RoomEditScreenViewModel.swift in Sources */ = {isa = PBXBuildFile; fileRef = 2D5238D42888BEB600909CF9 /* RoomEditScreenViewModel.swift */; };
/* End PBXBuildFile section */

/* Begin PBXFileReference section */
		2D52387C2885BF3700909CF9 /* DittoMessages.app */ = {isa = PBXFileReference; explicitFileType = wrapper.application; includeInIndex = 0; path = DittoMessages.app; sourceTree = BUILT_PRODUCTS_DIR; };
		2D52387F2885BF3700909CF9 /* DittoMessagesApp.swift */ = {isa = PBXFileReference; lastKnownFileType = sourcecode.swift; path = DittoMessagesApp.swift; sourceTree = "<group>"; };
		2D5238832885BF3900909CF9 /* Assets.xcassets */ = {isa = PBXFileReference; lastKnownFileType = folder.assetcatalog; path = Assets.xcassets; sourceTree = "<group>"; };
		2D5238862885BF3900909CF9 /* Preview Assets.xcassets */ = {isa = PBXFileReference; lastKnownFileType = folder.assetcatalog; path = "Preview Assets.xcassets"; sourceTree = "<group>"; };
		2D52388E2885BF9A00909CF9 /* AvatarView.swift */ = {isa = PBXFileReference; lastKnownFileType = sourcecode.swift; path = AvatarView.swift; sourceTree = "<group>"; };
		2D5238902885CBFF00909CF9 /* MessageView.swift */ = {isa = PBXFileReference; lastKnownFileType = sourcecode.swift; path = MessageView.swift; sourceTree = "<group>"; };
		2D5238922885DBB800909CF9 /* MessagesView.swift */ = {isa = PBXFileReference; lastKnownFileType = sourcecode.swift; path = MessagesView.swift; sourceTree = "<group>"; };
		2D52389628865F1200909CF9 /* ChatInputView.swift */ = {isa = PBXFileReference; lastKnownFileType = sourcecode.swift; path = ChatInputView.swift; sourceTree = "<group>"; };
		2D52389F2887717B00909CF9 /* ExpandingTextView.swift */ = {isa = PBXFileReference; lastKnownFileType = sourcecode.swift; path = ExpandingTextView.swift; sourceTree = "<group>"; };
		2D5238A32887949300909CF9 /* Message.swift */ = {isa = PBXFileReference; lastKnownFileType = sourcecode.swift; path = Message.swift; sourceTree = "<group>"; };
		2D5238A52887954900909CF9 /* User.swift */ = {isa = PBXFileReference; lastKnownFileType = sourcecode.swift; path = User.swift; sourceTree = "<group>"; };
		2D5238A8288874C100909CF9 /* MessageBubbleView.swift */ = {isa = PBXFileReference; lastKnownFileType = sourcecode.swift; path = MessageBubbleView.swift; sourceTree = "<group>"; };
		2D5238AE2888793E00909CF9 /* StartingScreen.swift */ = {isa = PBXFileReference; lastKnownFileType = sourcecode.swift; path = StartingScreen.swift; sourceTree = "<group>"; };
		2D5238B0288882CA00909CF9 /* MessageWithUser.swift */ = {isa = PBXFileReference; lastKnownFileType = sourcecode.swift; path = MessageWithUser.swift; sourceTree = "<group>"; };
		2D5238B628889F0E00909CF9 /* ProfileScreen.swift */ = {isa = PBXFileReference; lastKnownFileType = sourcecode.swift; path = ProfileScreen.swift; sourceTree = "<group>"; };
		2D5238B92888A56700909CF9 /* ProfileScreenViewModel.swift */ = {isa = PBXFileReference; lastKnownFileType = sourcecode.swift; path = ProfileScreenViewModel.swift; sourceTree = "<group>"; };
		2D5238C22888A90800909CF9 /* UserDefaultsExtensions.swift */ = {isa = PBXFileReference; lastKnownFileType = sourcecode.swift; path = UserDefaultsExtensions.swift; sourceTree = "<group>"; };
		2D5238C42888AA0F00909CF9 /* DittoManager.swift */ = {isa = PBXFileReference; lastKnownFileType = sourcecode.swift; path = DittoManager.swift; sourceTree = "<group>"; };
		2D5238C62888AA9800909CF9 /* Info.plist */ = {isa = PBXFileReference; lastKnownFileType = text.plist; path = Info.plist; sourceTree = "<group>"; };
		2D5238C82888AE2200909CF9 /* StartingScreenViewModel.swift */ = {isa = PBXFileReference; lastKnownFileType = sourcecode.swift; path = StartingScreenViewModel.swift; sourceTree = "<group>"; };
		2D5238CA2888B6B800909CF9 /* Room.swift */ = {isa = PBXFileReference; lastKnownFileType = sourcecode.swift; path = Room.swift; sourceTree = "<group>"; };
		2D5238CD2888B91700909CF9 /* ChatScreenViewModel.swift */ = {isa = PBXFileReference; lastKnownFileType = sourcecode.swift; path = ChatScreenViewModel.swift; sourceTree = "<group>"; };
		2D5238CF2888BBE600909CF9 /* ChatScreen.swift */ = {isa = PBXFileReference; lastKnownFileType = sourcecode.swift; path = ChatScreen.swift; sourceTree = "<group>"; };
		2D5238D22888BEAC00909CF9 /* RoomEditScreen.swift */ = {isa = PBXFileReference; lastKnownFileType = sourcecode.swift; path = RoomEditScreen.swift; sourceTree = "<group>"; };
		2D5238D42888BEB600909CF9 /* RoomEditScreenViewModel.swift */ = {isa = PBXFileReference; lastKnownFileType = sourcecode.swift; path = RoomEditScreenViewModel.swift; sourceTree = "<group>"; };
/* End PBXFileReference section */

/* Begin PBXFrameworksBuildPhase section */
		2D5238792885BF3700909CF9 /* Frameworks */ = {
			isa = PBXFrameworksBuildPhase;
			buildActionMask = 2147483647;
			files = (
				2D5238C12888A66900909CF9 /* DittoSwift in Frameworks */,
				2D5238AC288878B100909CF9 /* Fakery in Frameworks */,
				2D5238BF2888A66900909CF9 /* DittoObjC in Frameworks */,
			);
			runOnlyForDeploymentPostprocessing = 0;
		};
/* End PBXFrameworksBuildPhase section */

/* Begin PBXGroup section */
		2D5238732885BF3700909CF9 = {
			isa = PBXGroup;
			children = (
				2D52387E2885BF3700909CF9 /* DittoMessages */,
				2D52387D2885BF3700909CF9 /* Products */,
			);
			sourceTree = "<group>";
		};
		2D52387D2885BF3700909CF9 /* Products */ = {
			isa = PBXGroup;
			children = (
				2D52387C2885BF3700909CF9 /* DittoMessages.app */,
			);
			name = Products;
			sourceTree = "<group>";
		};
		2D52387E2885BF3700909CF9 /* DittoMessages */ = {
			isa = PBXGroup;
			children = (
				2D5238C62888AA9800909CF9 /* Info.plist */,
				2D5238AD2888791F00909CF9 /* ExampleScreens */,
				2D5238A22887948500909CF9 /* Data */,
				2D52388D2885BF8D00909CF9 /* Views */,
				2D52387F2885BF3700909CF9 /* DittoMessagesApp.swift */,
				2D5238832885BF3900909CF9 /* Assets.xcassets */,
				2D5238852885BF3900909CF9 /* Preview Content */,
			);
			path = DittoMessages;
			sourceTree = "<group>";
		};
		2D5238852885BF3900909CF9 /* Preview Content */ = {
			isa = PBXGroup;
			children = (
				2D5238862885BF3900909CF9 /* Preview Assets.xcassets */,
			);
			path = "Preview Content";
			sourceTree = "<group>";
		};
		2D52388D2885BF8D00909CF9 /* Views */ = {
			isa = PBXGroup;
			children = (
				2D5238A72887973400909CF9 /* Avatar */,
				2D5238A12887937D00909CF9 /* MessageView */,
				2D5238982886611100909CF9 /* ChatInputView */,
			);
			path = Views;
			sourceTree = "<group>";
		};
		2D5238982886611100909CF9 /* ChatInputView */ = {
			isa = PBXGroup;
			children = (
				2D52389628865F1200909CF9 /* ChatInputView.swift */,
				2D52389F2887717B00909CF9 /* ExpandingTextView.swift */,
			);
			path = ChatInputView;
			sourceTree = "<group>";
		};
		2D5238A12887937D00909CF9 /* MessageView */ = {
			isa = PBXGroup;
			children = (
				2D5238902885CBFF00909CF9 /* MessageView.swift */,
				2D5238922885DBB800909CF9 /* MessagesView.swift */,
				2D5238A8288874C100909CF9 /* MessageBubbleView.swift */,
			);
			path = MessageView;
			sourceTree = "<group>";
		};
		2D5238A22887948500909CF9 /* Data */ = {
			isa = PBXGroup;
			children = (
				2D5238A32887949300909CF9 /* Message.swift */,
				2D5238A52887954900909CF9 /* User.swift */,
				2D5238B0288882CA00909CF9 /* MessageWithUser.swift */,
				2D5238C22888A90800909CF9 /* UserDefaultsExtensions.swift */,
				2D5238C42888AA0F00909CF9 /* DittoManager.swift */,
				2D5238CA2888B6B800909CF9 /* Room.swift */,
			);
			path = Data;
			sourceTree = "<group>";
		};
		2D5238A72887973400909CF9 /* Avatar */ = {
			isa = PBXGroup;
			children = (
				2D52388E2885BF9A00909CF9 /* AvatarView.swift */,
			);
			path = Avatar;
			sourceTree = "<group>";
		};
		2D5238AD2888791F00909CF9 /* ExampleScreens */ = {
			isa = PBXGroup;
			children = (
				2D5238D12888BE9700909CF9 /* RoomEditScreen */,
				2D5238CC2888B90900909CF9 /* ChatScreen */,
				2D5238C72888AE1000909CF9 /* StartingScreen */,
				2D5238B82888A55900909CF9 /* ProfileScreen */,
			);
			path = ExampleScreens;
			sourceTree = "<group>";
		};
		2D5238B82888A55900909CF9 /* ProfileScreen */ = {
			isa = PBXGroup;
			children = (
				2D5238B628889F0E00909CF9 /* ProfileScreen.swift */,
				2D5238B92888A56700909CF9 /* ProfileScreenViewModel.swift */,
			);
			path = ProfileScreen;
			sourceTree = "<group>";
		};
		2D5238C72888AE1000909CF9 /* StartingScreen */ = {
			isa = PBXGroup;
			children = (
				2D5238AE2888793E00909CF9 /* StartingScreen.swift */,
				2D5238C82888AE2200909CF9 /* StartingScreenViewModel.swift */,
			);
			path = StartingScreen;
			sourceTree = "<group>";
		};
		2D5238CC2888B90900909CF9 /* ChatScreen */ = {
			isa = PBXGroup;
			children = (
				2D5238CD2888B91700909CF9 /* ChatScreenViewModel.swift */,
				2D5238CF2888BBE600909CF9 /* ChatScreen.swift */,
			);
			path = ChatScreen;
			sourceTree = "<group>";
		};
		2D5238D12888BE9700909CF9 /* RoomEditScreen */ = {
			isa = PBXGroup;
			children = (
				2D5238D22888BEAC00909CF9 /* RoomEditScreen.swift */,
				2D5238D42888BEB600909CF9 /* RoomEditScreenViewModel.swift */,
			);
			path = RoomEditScreen;
			sourceTree = "<group>";
		};
/* End PBXGroup section */

/* Begin PBXNativeTarget section */
		2D52387B2885BF3700909CF9 /* DittoMessages */ = {
			isa = PBXNativeTarget;
			buildConfigurationList = 2D52388A2885BF3900909CF9 /* Build configuration list for PBXNativeTarget "DittoMessages" */;
			buildPhases = (
				2D5238782885BF3700909CF9 /* Sources */,
				2D5238792885BF3700909CF9 /* Frameworks */,
				2D52387A2885BF3700909CF9 /* Resources */,
			);
			buildRules = (
			);
			dependencies = (
			);
			name = DittoMessages;
			packageProductDependencies = (
				2D5238AB288878B100909CF9 /* Fakery */,
				2D5238BE2888A66900909CF9 /* DittoObjC */,
				2D5238C02888A66900909CF9 /* DittoSwift */,
			);
			productName = DittoMessages;
			productReference = 2D52387C2885BF3700909CF9 /* DittoMessages.app */;
			productType = "com.apple.product-type.application";
		};
/* End PBXNativeTarget section */

/* Begin PBXProject section */
		2D5238742885BF3700909CF9 /* Project object */ = {
			isa = PBXProject;
			attributes = {
				BuildIndependentTargetsInParallel = 1;
				LastSwiftUpdateCheck = 1340;
				LastUpgradeCheck = 1340;
				TargetAttributes = {
					2D52387B2885BF3700909CF9 = {
						CreatedOnToolsVersion = 13.4.1;
					};
				};
			};
			buildConfigurationList = 2D5238772885BF3700909CF9 /* Build configuration list for PBXProject "DittoMessages" */;
			compatibilityVersion = "Xcode 13.0";
			developmentRegion = en;
			hasScannedForEncodings = 0;
			knownRegions = (
				en,
				Base,
			);
			mainGroup = 2D5238732885BF3700909CF9;
			packageReferences = (
				2D5238AA288878B100909CF9 /* XCRemoteSwiftPackageReference "Fakery" */,
				2D5238BD2888A66900909CF9 /* XCRemoteSwiftPackageReference "DittoSwiftPackage" */,
			);
			productRefGroup = 2D52387D2885BF3700909CF9 /* Products */;
			projectDirPath = "";
			projectRoot = "";
			targets = (
				2D52387B2885BF3700909CF9 /* DittoMessages */,
			);
		};
/* End PBXProject section */

/* Begin PBXResourcesBuildPhase section */
		2D52387A2885BF3700909CF9 /* Resources */ = {
			isa = PBXResourcesBuildPhase;
			buildActionMask = 2147483647;
			files = (
				2D5238872885BF3900909CF9 /* Preview Assets.xcassets in Resources */,
				2D5238842885BF3900909CF9 /* Assets.xcassets in Resources */,
			);
			runOnlyForDeploymentPostprocessing = 0;
		};
/* End PBXResourcesBuildPhase section */

/* Begin PBXSourcesBuildPhase section */
		2D5238782885BF3700909CF9 /* Sources */ = {
			isa = PBXSourcesBuildPhase;
			buildActionMask = 2147483647;
			files = (
				2D5238932885DBB800909CF9 /* MessagesView.swift in Sources */,
				2D5238D32888BEAC00909CF9 /* RoomEditScreen.swift in Sources */,
				2D5238D52888BEB600909CF9 /* RoomEditScreenViewModel.swift in Sources */,
				2D5238CB2888B6B800909CF9 /* Room.swift in Sources */,
				2D5238C32888A90800909CF9 /* UserDefaultsExtensions.swift in Sources */,
				2D5238C52888AA0F00909CF9 /* DittoManager.swift in Sources */,
				2D52388F2885BF9A00909CF9 /* AvatarView.swift in Sources */,
				2D5238A42887949300909CF9 /* Message.swift in Sources */,
				2D5238CE2888B91700909CF9 /* ChatScreenViewModel.swift in Sources */,
				2D5238BA2888A56700909CF9 /* ProfileScreenViewModel.swift in Sources */,
				2D5238C92888AE2200909CF9 /* StartingScreenViewModel.swift in Sources */,
				2D5238B728889F0E00909CF9 /* ProfileScreen.swift in Sources */,
				2D5238802885BF3700909CF9 /* DittoMessagesApp.swift in Sources */,
				2D5238A02887717B00909CF9 /* ExpandingTextView.swift in Sources */,
				2D5238912885CBFF00909CF9 /* MessageView.swift in Sources */,
				2D5238A62887954900909CF9 /* User.swift in Sources */,
				2D52389728865F1200909CF9 /* ChatInputView.swift in Sources */,
				2D5238D02888BBE600909CF9 /* ChatScreen.swift in Sources */,
				2D5238B1288882CA00909CF9 /* MessageWithUser.swift in Sources */,
				2D5238A9288874C100909CF9 /* MessageBubbleView.swift in Sources */,
				2D5238AF2888793E00909CF9 /* StartingScreen.swift in Sources */,
			);
			runOnlyForDeploymentPostprocessing = 0;
		};
/* End PBXSourcesBuildPhase section */

/* Begin XCBuildConfiguration section */
		2D5238882885BF3900909CF9 /* Debug */ = {
			isa = XCBuildConfiguration;
			buildSettings = {
				ALWAYS_SEARCH_USER_PATHS = NO;
				CLANG_ANALYZER_NONNULL = YES;
				CLANG_ANALYZER_NUMBER_OBJECT_CONVERSION = YES_AGGRESSIVE;
				CLANG_CXX_LANGUAGE_STANDARD = "gnu++17";
				CLANG_ENABLE_MODULES = YES;
				CLANG_ENABLE_OBJC_ARC = YES;
				CLANG_ENABLE_OBJC_WEAK = YES;
				CLANG_WARN_BLOCK_CAPTURE_AUTORELEASING = YES;
				CLANG_WARN_BOOL_CONVERSION = YES;
				CLANG_WARN_COMMA = YES;
				CLANG_WARN_CONSTANT_CONVERSION = YES;
				CLANG_WARN_DEPRECATED_OBJC_IMPLEMENTATIONS = YES;
				CLANG_WARN_DIRECT_OBJC_ISA_USAGE = YES_ERROR;
				CLANG_WARN_DOCUMENTATION_COMMENTS = YES;
				CLANG_WARN_EMPTY_BODY = YES;
				CLANG_WARN_ENUM_CONVERSION = YES;
				CLANG_WARN_INFINITE_RECURSION = YES;
				CLANG_WARN_INT_CONVERSION = YES;
				CLANG_WARN_NON_LITERAL_NULL_CONVERSION = YES;
				CLANG_WARN_OBJC_IMPLICIT_RETAIN_SELF = YES;
				CLANG_WARN_OBJC_LITERAL_CONVERSION = YES;
				CLANG_WARN_OBJC_ROOT_CLASS = YES_ERROR;
				CLANG_WARN_QUOTED_INCLUDE_IN_FRAMEWORK_HEADER = YES;
				CLANG_WARN_RANGE_LOOP_ANALYSIS = YES;
				CLANG_WARN_STRICT_PROTOTYPES = YES;
				CLANG_WARN_SUSPICIOUS_MOVE = YES;
				CLANG_WARN_UNGUARDED_AVAILABILITY = YES_AGGRESSIVE;
				CLANG_WARN_UNREACHABLE_CODE = YES;
				CLANG_WARN__DUPLICATE_METHOD_MATCH = YES;
				COPY_PHASE_STRIP = NO;
				DEBUG_INFORMATION_FORMAT = dwarf;
				ENABLE_STRICT_OBJC_MSGSEND = YES;
				ENABLE_TESTABILITY = YES;
				GCC_C_LANGUAGE_STANDARD = gnu11;
				GCC_DYNAMIC_NO_PIC = NO;
				GCC_NO_COMMON_BLOCKS = YES;
				GCC_OPTIMIZATION_LEVEL = 0;
				GCC_PREPROCESSOR_DEFINITIONS = (
					"DEBUG=1",
					"$(inherited)",
				);
				GCC_WARN_64_TO_32_BIT_CONVERSION = YES;
				GCC_WARN_ABOUT_RETURN_TYPE = YES_ERROR;
				GCC_WARN_UNDECLARED_SELECTOR = YES;
				GCC_WARN_UNINITIALIZED_AUTOS = YES_AGGRESSIVE;
				GCC_WARN_UNUSED_FUNCTION = YES;
				GCC_WARN_UNUSED_VARIABLE = YES;
				IPHONEOS_DEPLOYMENT_TARGET = 15.5;
				MTL_ENABLE_DEBUG_INFO = INCLUDE_SOURCE;
				MTL_FAST_MATH = YES;
				ONLY_ACTIVE_ARCH = YES;
				SDKROOT = iphoneos;
				SWIFT_ACTIVE_COMPILATION_CONDITIONS = DEBUG;
				SWIFT_OPTIMIZATION_LEVEL = "-Onone";
			};
			name = Debug;
		};
		2D5238892885BF3900909CF9 /* Release */ = {
			isa = XCBuildConfiguration;
			buildSettings = {
				ALWAYS_SEARCH_USER_PATHS = NO;
				CLANG_ANALYZER_NONNULL = YES;
				CLANG_ANALYZER_NUMBER_OBJECT_CONVERSION = YES_AGGRESSIVE;
				CLANG_CXX_LANGUAGE_STANDARD = "gnu++17";
				CLANG_ENABLE_MODULES = YES;
				CLANG_ENABLE_OBJC_ARC = YES;
				CLANG_ENABLE_OBJC_WEAK = YES;
				CLANG_WARN_BLOCK_CAPTURE_AUTORELEASING = YES;
				CLANG_WARN_BOOL_CONVERSION = YES;
				CLANG_WARN_COMMA = YES;
				CLANG_WARN_CONSTANT_CONVERSION = YES;
				CLANG_WARN_DEPRECATED_OBJC_IMPLEMENTATIONS = YES;
				CLANG_WARN_DIRECT_OBJC_ISA_USAGE = YES_ERROR;
				CLANG_WARN_DOCUMENTATION_COMMENTS = YES;
				CLANG_WARN_EMPTY_BODY = YES;
				CLANG_WARN_ENUM_CONVERSION = YES;
				CLANG_WARN_INFINITE_RECURSION = YES;
				CLANG_WARN_INT_CONVERSION = YES;
				CLANG_WARN_NON_LITERAL_NULL_CONVERSION = YES;
				CLANG_WARN_OBJC_IMPLICIT_RETAIN_SELF = YES;
				CLANG_WARN_OBJC_LITERAL_CONVERSION = YES;
				CLANG_WARN_OBJC_ROOT_CLASS = YES_ERROR;
				CLANG_WARN_QUOTED_INCLUDE_IN_FRAMEWORK_HEADER = YES;
				CLANG_WARN_RANGE_LOOP_ANALYSIS = YES;
				CLANG_WARN_STRICT_PROTOTYPES = YES;
				CLANG_WARN_SUSPICIOUS_MOVE = YES;
				CLANG_WARN_UNGUARDED_AVAILABILITY = YES_AGGRESSIVE;
				CLANG_WARN_UNREACHABLE_CODE = YES;
				CLANG_WARN__DUPLICATE_METHOD_MATCH = YES;
				COPY_PHASE_STRIP = NO;
				DEBUG_INFORMATION_FORMAT = "dwarf-with-dsym";
				ENABLE_NS_ASSERTIONS = NO;
				ENABLE_STRICT_OBJC_MSGSEND = YES;
				GCC_C_LANGUAGE_STANDARD = gnu11;
				GCC_NO_COMMON_BLOCKS = YES;
				GCC_WARN_64_TO_32_BIT_CONVERSION = YES;
				GCC_WARN_ABOUT_RETURN_TYPE = YES_ERROR;
				GCC_WARN_UNDECLARED_SELECTOR = YES;
				GCC_WARN_UNINITIALIZED_AUTOS = YES_AGGRESSIVE;
				GCC_WARN_UNUSED_FUNCTION = YES;
				GCC_WARN_UNUSED_VARIABLE = YES;
				IPHONEOS_DEPLOYMENT_TARGET = 15.5;
				MTL_ENABLE_DEBUG_INFO = NO;
				MTL_FAST_MATH = YES;
				SDKROOT = iphoneos;
				SWIFT_COMPILATION_MODE = wholemodule;
				SWIFT_OPTIMIZATION_LEVEL = "-O";
				VALIDATE_PRODUCT = YES;
			};
			name = Release;
		};
		2D52388B2885BF3900909CF9 /* Debug */ = {
			isa = XCBuildConfiguration;
			buildSettings = {
				ASSETCATALOG_COMPILER_APPICON_NAME = AppIcon;
				ASSETCATALOG_COMPILER_GLOBAL_ACCENT_COLOR_NAME = AccentColor;
				CODE_SIGN_STYLE = Automatic;
				CURRENT_PROJECT_VERSION = 1;
				DEVELOPMENT_ASSET_PATHS = "\"DittoMessages/Preview Content\"";
				DEVELOPMENT_TEAM = 3T2VMFZPPQ;
				ENABLE_PREVIEWS = YES;
				GENERATE_INFOPLIST_FILE = YES;
				INFOPLIST_FILE = DittoMessages/Info.plist;
				INFOPLIST_KEY_NSBluetoothAlwaysUsageDescription = "Uses Bluetooth to connect and sync with nearby devices";
				INFOPLIST_KEY_NSBluetoothPeripheralUsageDescription = "Uses Bluetooth to connect and sync with nearby devices";
				INFOPLIST_KEY_NSLocalNetworkUsageDescription = "Uses WiFi to connect and sync with nearby devices";
				INFOPLIST_KEY_UIApplicationSceneManifest_Generation = YES;
				INFOPLIST_KEY_UIApplicationSupportsIndirectInputEvents = YES;
				INFOPLIST_KEY_UILaunchScreen_Generation = YES;
				INFOPLIST_KEY_UISupportedInterfaceOrientations_iPad = "UIInterfaceOrientationPortrait UIInterfaceOrientationPortraitUpsideDown UIInterfaceOrientationLandscapeLeft UIInterfaceOrientationLandscapeRight";
				INFOPLIST_KEY_UISupportedInterfaceOrientations_iPhone = "UIInterfaceOrientationPortrait UIInterfaceOrientationLandscapeLeft UIInterfaceOrientationLandscapeRight";
				LD_RUNPATH_SEARCH_PATHS = (
					"$(inherited)",
					"@executable_path/Frameworks",
				);
				MARKETING_VERSION = 1.0;
				PRODUCT_BUNDLE_IDENTIFIER = live.ditto.DittoMessages;
				PRODUCT_NAME = "$(TARGET_NAME)";
				SWIFT_EMIT_LOC_STRINGS = YES;
				SWIFT_VERSION = 5.0;
				TARGETED_DEVICE_FAMILY = "1,2";
			};
			name = Debug;
		};
		2D52388C2885BF3900909CF9 /* Release */ = {
			isa = XCBuildConfiguration;
			buildSettings = {
				ASSETCATALOG_COMPILER_APPICON_NAME = AppIcon;
				ASSETCATALOG_COMPILER_GLOBAL_ACCENT_COLOR_NAME = AccentColor;
				CODE_SIGN_STYLE = Automatic;
				CURRENT_PROJECT_VERSION = 1;
				DEVELOPMENT_ASSET_PATHS = "\"DittoMessages/Preview Content\"";
				DEVELOPMENT_TEAM = 3T2VMFZPPQ;
				ENABLE_PREVIEWS = YES;
				GENERATE_INFOPLIST_FILE = YES;
				INFOPLIST_FILE = DittoMessages/Info.plist;
				INFOPLIST_KEY_NSBluetoothAlwaysUsageDescription = "Uses Bluetooth to connect and sync with nearby devices";
				INFOPLIST_KEY_NSBluetoothPeripheralUsageDescription = "Uses Bluetooth to connect and sync with nearby devices";
				INFOPLIST_KEY_NSLocalNetworkUsageDescription = "Uses WiFi to connect and sync with nearby devices";
				INFOPLIST_KEY_UIApplicationSceneManifest_Generation = YES;
				INFOPLIST_KEY_UIApplicationSupportsIndirectInputEvents = YES;
				INFOPLIST_KEY_UILaunchScreen_Generation = YES;
				INFOPLIST_KEY_UISupportedInterfaceOrientations_iPad = "UIInterfaceOrientationPortrait UIInterfaceOrientationPortraitUpsideDown UIInterfaceOrientationLandscapeLeft UIInterfaceOrientationLandscapeRight";
				INFOPLIST_KEY_UISupportedInterfaceOrientations_iPhone = "UIInterfaceOrientationPortrait UIInterfaceOrientationLandscapeLeft UIInterfaceOrientationLandscapeRight";
				LD_RUNPATH_SEARCH_PATHS = (
					"$(inherited)",
					"@executable_path/Frameworks",
				);
				MARKETING_VERSION = 1.0;
				PRODUCT_BUNDLE_IDENTIFIER = live.ditto.DittoMessages;
				PRODUCT_NAME = "$(TARGET_NAME)";
				SWIFT_EMIT_LOC_STRINGS = YES;
				SWIFT_VERSION = 5.0;
				TARGETED_DEVICE_FAMILY = "1,2";
			};
			name = Release;
		};
/* End XCBuildConfiguration section */

/* Begin XCConfigurationList section */
		2D5238772885BF3700909CF9 /* Build configuration list for PBXProject "DittoMessages" */ = {
			isa = XCConfigurationList;
			buildConfigurations = (
				2D5238882885BF3900909CF9 /* Debug */,
				2D5238892885BF3900909CF9 /* Release */,
			);
			defaultConfigurationIsVisible = 0;
			defaultConfigurationName = Release;
		};
		2D52388A2885BF3900909CF9 /* Build configuration list for PBXNativeTarget "DittoMessages" */ = {
			isa = XCConfigurationList;
			buildConfigurations = (
				2D52388B2885BF3900909CF9 /* Debug */,
				2D52388C2885BF3900909CF9 /* Release */,
			);
			defaultConfigurationIsVisible = 0;
			defaultConfigurationName = Release;
		};
/* End XCConfigurationList section */

/* Begin XCRemoteSwiftPackageReference section */
		2D5238AA288878B100909CF9 /* XCRemoteSwiftPackageReference "Fakery" */ = {
			isa = XCRemoteSwiftPackageReference;
			repositoryURL = "https://github.com/vadymmarkov/Fakery";
			requirement = {
				kind = upToNextMajorVersion;
				minimumVersion = 5.0.0;
			};
		};
		2D5238BD2888A66900909CF9 /* XCRemoteSwiftPackageReference "DittoSwiftPackage" */ = {
			isa = XCRemoteSwiftPackageReference;
			repositoryURL = "https://github.com/getditto/DittoSwiftPackage";
			requirement = {
				kind = upToNextMajorVersion;
				minimumVersion = 1.0.0;
			};
		};
/* End XCRemoteSwiftPackageReference section */

/* Begin XCSwiftPackageProductDependency section */
		2D5238AB288878B100909CF9 /* Fakery */ = {
			isa = XCSwiftPackageProductDependency;
			package = 2D5238AA288878B100909CF9 /* XCRemoteSwiftPackageReference "Fakery" */;
			productName = Fakery;
		};
		2D5238BE2888A66900909CF9 /* DittoObjC */ = {
			isa = XCSwiftPackageProductDependency;
			package = 2D5238BD2888A66900909CF9 /* XCRemoteSwiftPackageReference "DittoSwiftPackage" */;
			productName = DittoObjC;
		};
		2D5238C02888A66900909CF9 /* DittoSwift */ = {
			isa = XCSwiftPackageProductDependency;
			package = 2D5238BD2888A66900909CF9 /* XCRemoteSwiftPackageReference "DittoSwiftPackage" */;
			productName = DittoSwift;
		};
/* End XCSwiftPackageProductDependency section */
	};
	rootObject = 2D5238742885BF3700909CF9 /* Project object */;
}
