PODS:
  - CombineDitto (0.1.2):
    - DittoSwift (>= 1.0.4)
  - DittoObjC (1.0.6)
  - DittoSwift (1.0.6):
    - DittoObjC (= 1.0.6)
  - Fakery (5.1.0)

DEPENDENCIES:
  - CombineDitto
  - DittoSwift (~> 1.0.6)
  - Fakery

SPEC REPOS:
  trunk:
    - CombineDitto
    - DittoObjC
    - DittoSwift
    - Fakery

SPEC CHECKSUMS:
  CombineDitto: 0fbbe1c0fc7088a0d70dfb27decc43e5b5974c4b
  DittoObjC: feee0086717c75291cb927be72b6fff7ee038b09
  DittoSwift: 433f94b1d254983a4a73709ecc310d77140490f0
  Fakery: a90caff00ca5cacde6c161c3eafc72314a03d34d

PODFILE CHECKSUM: 7f993479a80e30f4a44d375ea23f967047294654

COCOAPODS: 1.10.1
