PODS:
  - CombineDitto (0.1.2):
    - DittoSwift (>= 1.0.4)
  - DittoObjC (1.0.8)
  - DittoSwift (1.0.8):
    - DittoObjC (= 1.0.8)

DEPENDENCIES:
  - CombineDitto
  - DittoSwift (>= 1.0.8)

SPEC REPOS:
  trunk:
    - CombineDitto
    - DittoObjC
    - DittoSwift

SPEC CHECKSUMS:
  CombineDitto: 0fbbe1c0fc7088a0d70dfb27decc43e5b5974c4b
  DittoObjC: c8e66e103fcce2ef574e670764de1757ddef3a92
  DittoSwift: 372cb133c1206e90353c24e001721acb3440d822

PODFILE CHECKSUM: 8bf8d6e25bc90d91884220d59ff81884d496f556

COCOAPODS: 1.10.1
