// !$*UTF8*$!
{
	archiveVersion = 1;
	classes = {
	};
	objectVersion = 55;
	objects = {

/* Begin PBXBuildFile section */
		89BC14DF27D98338003C4C0A /* iOS_auth0App.swift in Sources */ = {isa = PBXBuildFile; fileRef = 89BC14CF27D98337003C4C0A /* iOS_auth0App.swift */; };
		89BC14E027D98338003C4C0A /* iOS_auth0App.swift in Sources */ = {isa = PBXBuildFile; fileRef = 89BC14CF27D98337003C4C0A /* iOS_auth0App.swift */; };
		89BC14E127D98338003C4C0A /* ContentView.swift in Sources */ = {isa = PBXBuildFile; fileRef = 89BC14D027D98337003C4C0A /* ContentView.swift */; };
		89BC14E227D98338003C4C0A /* ContentView.swift in Sources */ = {isa = PBXBuildFile; fileRef = 89BC14D027D98337003C4C0A /* ContentView.swift */; };
		89BC14E327D98338003C4C0A /* Assets.xcassets in Resources */ = {isa = PBXBuildFile; fileRef = 89BC14D127D98338003C4C0A /* Assets.xcassets */; };
		89BC14E427D98338003C4C0A /* Assets.xcassets in Resources */ = {isa = PBXBuildFile; fileRef = 89BC14D127D98338003C4C0A /* Assets.xcassets */; };
		89BC14EF27D98C5F003C4C0A /* Auth0 in Frameworks */ = {isa = PBXBuildFile; productRef = 89BC14EE27D98C5F003C4C0A /* Auth0 */; };
		89BC14F127D98DEE003C4C0A /* Auth0.plist in Resources */ = {isa = PBXBuildFile; fileRef = 89BC14F027D98DEE003C4C0A /* Auth0.plist */; };
		89BC14F227D98DEE003C4C0A /* Auth0.plist in Resources */ = {isa = PBXBuildFile; fileRef = 89BC14F027D98DEE003C4C0A /* Auth0.plist */; };
		89BC14F527D994F2003C4C0A /* DittoObjC in Frameworks */ = {isa = PBXBuildFile; productRef = 89BC14F427D994F2003C4C0A /* DittoObjC */; };
		89BC14F727D994F2003C4C0A /* DittoSwift in Frameworks */ = {isa = PBXBuildFile; productRef = 89BC14F627D994F2003C4C0A /* DittoSwift */; };
/* End PBXBuildFile section */

/* Begin PBXFileReference section */
		89BC14CF27D98337003C4C0A /* iOS_auth0App.swift */ = {isa = PBXFileReference; lastKnownFileType = sourcecode.swift; path = iOS_auth0App.swift; sourceTree = "<group>"; };
		89BC14D027D98337003C4C0A /* ContentView.swift */ = {isa = PBXFileReference; lastKnownFileType = sourcecode.swift; path = ContentView.swift; sourceTree = "<group>"; };
		89BC14D127D98338003C4C0A /* Assets.xcassets */ = {isa = PBXFileReference; lastKnownFileType = folder.assetcatalog; path = Assets.xcassets; sourceTree = "<group>"; };
		89BC14D627D98338003C4C0A /* iOS-auth0.app */ = {isa = PBXFileReference; explicitFileType = wrapper.application; includeInIndex = 0; path = "iOS-auth0.app"; sourceTree = BUILT_PRODUCTS_DIR; };
		89BC14DC27D98338003C4C0A /* iOS-auth0.app */ = {isa = PBXFileReference; explicitFileType = wrapper.application; includeInIndex = 0; path = "iOS-auth0.app"; sourceTree = BUILT_PRODUCTS_DIR; };
		89BC14DE27D98338003C4C0A /* macOS.entitlements */ = {isa = PBXFileReference; lastKnownFileType = text.plist.entitlements; path = macOS.entitlements; sourceTree = "<group>"; };
		89BC14F027D98DEE003C4C0A /* Auth0.plist */ = {isa = PBXFileReference; lastKnownFileType = text.plist.xml; path = Auth0.plist; sourceTree = "<group>"; };
		89BC14FB27D9957A003C4C0A /* iOS-auth0--iOS--Info.plist */ = {isa = PBXFileReference; lastKnownFileType = text.plist; path = "iOS-auth0--iOS--Info.plist"; sourceTree = "<group>"; };
/* End PBXFileReference section */

/* Begin PBXFrameworksBuildPhase section */
		89BC14D327D98338003C4C0A /* Frameworks */ = {
			isa = PBXFrameworksBuildPhase;
			buildActionMask = 2147483647;
			files = (
				89BC14F727D994F2003C4C0A /* DittoSwift in Frameworks */,
				89BC14EF27D98C5F003C4C0A /* Auth0 in Frameworks */,
				89BC14F527D994F2003C4C0A /* DittoObjC in Frameworks */,
			);
			runOnlyForDeploymentPostprocessing = 0;
		};
		89BC14D927D98338003C4C0A /* Frameworks */ = {
			isa = PBXFrameworksBuildPhase;
			buildActionMask = 2147483647;
			files = (
			);
			runOnlyForDeploymentPostprocessing = 0;
		};
/* End PBXFrameworksBuildPhase section */

/* Begin PBXGroup section */
		89BC14C927D98337003C4C0A = {
			isa = PBXGroup;
			children = (
				89BC14FB27D9957A003C4C0A /* iOS-auth0--iOS--Info.plist */,
				89BC14F027D98DEE003C4C0A /* Auth0.plist */,
				89BC14CE27D98337003C4C0A /* Shared */,
				89BC14DD27D98338003C4C0A /* macOS */,
				89BC14D727D98338003C4C0A /* Products */,
			);
			sourceTree = "<group>";
		};
		89BC14CE27D98337003C4C0A /* Shared */ = {
			isa = PBXGroup;
			children = (
				89BC14CF27D98337003C4C0A /* iOS_auth0App.swift */,
				89BC14D027D98337003C4C0A /* ContentView.swift */,
				89BC14D127D98338003C4C0A /* Assets.xcassets */,
			);
			path = Shared;
			sourceTree = "<group>";
		};
		89BC14D727D98338003C4C0A /* Products */ = {
			isa = PBXGroup;
			children = (
				89BC14D627D98338003C4C0A /* iOS-auth0.app */,
				89BC14DC27D98338003C4C0A /* iOS-auth0.app */,
			);
			name = Products;
			sourceTree = "<group>";
		};
		89BC14DD27D98338003C4C0A /* macOS */ = {
			isa = PBXGroup;
			children = (
				89BC14DE27D98338003C4C0A /* macOS.entitlements */,
			);
			path = macOS;
			sourceTree = "<group>";
		};
/* End PBXGroup section */

/* Begin PBXNativeTarget section */
		89BC14D527D98338003C4C0A /* iOS-auth0 (iOS) */ = {
			isa = PBXNativeTarget;
			buildConfigurationList = 89BC14E727D98338003C4C0A /* Build configuration list for PBXNativeTarget "iOS-auth0 (iOS)" */;
			buildPhases = (
				89BC14D227D98338003C4C0A /* Sources */,
				89BC14D327D98338003C4C0A /* Frameworks */,
				89BC14D427D98338003C4C0A /* Resources */,
			);
			buildRules = (
			);
			dependencies = (
			);
			name = "iOS-auth0 (iOS)";
			packageProductDependencies = (
				89BC14EE27D98C5F003C4C0A /* Auth0 */,
				89BC14F427D994F2003C4C0A /* DittoObjC */,
				89BC14F627D994F2003C4C0A /* DittoSwift */,
			);
			productName = "iOS-auth0 (iOS)";
			productReference = 89BC14D627D98338003C4C0A /* iOS-auth0.app */;
			productType = "com.apple.product-type.application";
		};
		89BC14DB27D98338003C4C0A /* iOS-auth0 (macOS) */ = {
			isa = PBXNativeTarget;
			buildConfigurationList = 89BC14EA27D98338003C4C0A /* Build configuration list for PBXNativeTarget "iOS-auth0 (macOS)" */;
			buildPhases = (
				89BC14D827D98338003C4C0A /* Sources */,
				89BC14D927D98338003C4C0A /* Frameworks */,
				89BC14DA27D98338003C4C0A /* Resources */,
			);
			buildRules = (
			);
			dependencies = (
			);
			name = "iOS-auth0 (macOS)";
			productName = "iOS-auth0 (macOS)";
			productReference = 89BC14DC27D98338003C4C0A /* iOS-auth0.app */;
			productType = "com.apple.product-type.application";
		};
/* End PBXNativeTarget section */

/* Begin PBXProject section */
		89BC14CA27D98337003C4C0A /* Project object */ = {
			isa = PBXProject;
			attributes = {
				BuildIndependentTargetsInParallel = 1;
				LastSwiftUpdateCheck = 1320;
				LastUpgradeCheck = 1320;
				TargetAttributes = {
					89BC14D527D98338003C4C0A = {
						CreatedOnToolsVersion = 13.2.1;
					};
					89BC14DB27D98338003C4C0A = {
						CreatedOnToolsVersion = 13.2.1;
					};
				};
			};
			buildConfigurationList = 89BC14CD27D98337003C4C0A /* Build configuration list for PBXProject "iOS-auth0" */;
			compatibilityVersion = "Xcode 13.0";
			developmentRegion = en;
			hasScannedForEncodings = 0;
			knownRegions = (
				en,
				Base,
			);
			mainGroup = 89BC14C927D98337003C4C0A;
			packageReferences = (
				89BC14ED27D98C5F003C4C0A /* XCRemoteSwiftPackageReference "Auth0" */,
				89BC14F327D994F2003C4C0A /* XCRemoteSwiftPackageReference "DittoSwiftPackage" */,
			);
			productRefGroup = 89BC14D727D98338003C4C0A /* Products */;
			projectDirPath = "";
			projectRoot = "";
			targets = (
				89BC14D527D98338003C4C0A /* iOS-auth0 (iOS) */,
				89BC14DB27D98338003C4C0A /* iOS-auth0 (macOS) */,
			);
		};
/* End PBXProject section */

/* Begin PBXResourcesBuildPhase section */
		89BC14D427D98338003C4C0A /* Resources */ = {
			isa = PBXResourcesBuildPhase;
			buildActionMask = 2147483647;
			files = (
				89BC14E327D98338003C4C0A /* Assets.xcassets in Resources */,
				89BC14F127D98DEE003C4C0A /* Auth0.plist in Resources */,
			);
			runOnlyForDeploymentPostprocessing = 0;
		};
		89BC14DA27D98338003C4C0A /* Resources */ = {
			isa = PBXResourcesBuildPhase;
			buildActionMask = 2147483647;
			files = (
				89BC14E427D98338003C4C0A /* Assets.xcassets in Resources */,
				89BC14F227D98DEE003C4C0A /* Auth0.plist in Resources */,
			);
			runOnlyForDeploymentPostprocessing = 0;
		};
/* End PBXResourcesBuildPhase section */

/* Begin PBXSourcesBuildPhase section */
		89BC14D227D98338003C4C0A /* Sources */ = {
			isa = PBXSourcesBuildPhase;
			buildActionMask = 2147483647;
			files = (
				89BC14E127D98338003C4C0A /* ContentView.swift in Sources */,
				89BC14DF27D98338003C4C0A /* iOS_auth0App.swift in Sources */,
			);
			runOnlyForDeploymentPostprocessing = 0;
		};
		89BC14D827D98338003C4C0A /* Sources */ = {
			isa = PBXSourcesBuildPhase;
			buildActionMask = 2147483647;
			files = (
				89BC14E227D98338003C4C0A /* ContentView.swift in Sources */,
				89BC14E027D98338003C4C0A /* iOS_auth0App.swift in Sources */,
			);
			runOnlyForDeploymentPostprocessing = 0;
		};
/* End PBXSourcesBuildPhase section */

/* Begin XCBuildConfiguration section */
		89BC14E527D98338003C4C0A /* Debug */ = {
			isa = XCBuildConfiguration;
			buildSettings = {
				ALWAYS_SEARCH_USER_PATHS = NO;
				CLANG_ANALYZER_NONNULL = YES;
				CLANG_ANALYZER_NUMBER_OBJECT_CONVERSION = YES_AGGRESSIVE;
				CLANG_CXX_LANGUAGE_STANDARD = "gnu++17";
				CLANG_CXX_LIBRARY = "libc++";
				CLANG_ENABLE_MODULES = YES;
				CLANG_ENABLE_OBJC_ARC = YES;
				CLANG_ENABLE_OBJC_WEAK = YES;
				CLANG_WARN_BLOCK_CAPTURE_AUTORELEASING = YES;
				CLANG_WARN_BOOL_CONVERSION = YES;
				CLANG_WARN_COMMA = YES;
				CLANG_WARN_CONSTANT_CONVERSION = YES;
				CLANG_WARN_DEPRECATED_OBJC_IMPLEMENTATIONS = YES;
				CLANG_WARN_DIRECT_OBJC_ISA_USAGE = YES_ERROR;
				CLANG_WARN_DOCUMENTATION_COMMENTS = YES;
				CLANG_WARN_EMPTY_BODY = YES;
				CLANG_WARN_ENUM_CONVERSION = YES;
				CLANG_WARN_INFINITE_RECURSION = YES;
				CLANG_WARN_INT_CONVERSION = YES;
				CLANG_WARN_NON_LITERAL_NULL_CONVERSION = YES;
				CLANG_WARN_OBJC_IMPLICIT_RETAIN_SELF = YES;
				CLANG_WARN_OBJC_LITERAL_CONVERSION = YES;
				CLANG_WARN_OBJC_ROOT_CLASS = YES_ERROR;
				CLANG_WARN_QUOTED_INCLUDE_IN_FRAMEWORK_HEADER = YES;
				CLANG_WARN_RANGE_LOOP_ANALYSIS = YES;
				CLANG_WARN_STRICT_PROTOTYPES = YES;
				CLANG_WARN_SUSPICIOUS_MOVE = YES;
				CLANG_WARN_UNGUARDED_AVAILABILITY = YES_AGGRESSIVE;
				CLANG_WARN_UNREACHABLE_CODE = YES;
				CLANG_WARN__DUPLICATE_METHOD_MATCH = YES;
				COPY_PHASE_STRIP = NO;
				DEBUG_INFORMATION_FORMAT = dwarf;
				ENABLE_STRICT_OBJC_MSGSEND = YES;
				ENABLE_TESTABILITY = YES;
				GCC_C_LANGUAGE_STANDARD = gnu11;
				GCC_DYNAMIC_NO_PIC = NO;
				GCC_NO_COMMON_BLOCKS = YES;
				GCC_OPTIMIZATION_LEVEL = 0;
				GCC_PREPROCESSOR_DEFINITIONS = (
					"DEBUG=1",
					"$(inherited)",
				);
				GCC_WARN_64_TO_32_BIT_CONVERSION = YES;
				GCC_WARN_ABOUT_RETURN_TYPE = YES_ERROR;
				GCC_WARN_UNDECLARED_SELECTOR = YES;
				GCC_WARN_UNINITIALIZED_AUTOS = YES_AGGRESSIVE;
				GCC_WARN_UNUSED_FUNCTION = YES;
				GCC_WARN_UNUSED_VARIABLE = YES;
				MTL_ENABLE_DEBUG_INFO = INCLUDE_SOURCE;
				MTL_FAST_MATH = YES;
				ONLY_ACTIVE_ARCH = YES;
				SWIFT_ACTIVE_COMPILATION_CONDITIONS = DEBUG;
				SWIFT_OPTIMIZATION_LEVEL = "-Onone";
			};
			name = Debug;
		};
		89BC14E627D98338003C4C0A /* Release */ = {
			isa = XCBuildConfiguration;
			buildSettings = {
				ALWAYS_SEARCH_USER_PATHS = NO;
				CLANG_ANALYZER_NONNULL = YES;
				CLANG_ANALYZER_NUMBER_OBJECT_CONVERSION = YES_AGGRESSIVE;
				CLANG_CXX_LANGUAGE_STANDARD = "gnu++17";
				CLANG_CXX_LIBRARY = "libc++";
				CLANG_ENABLE_MODULES = YES;
				CLANG_ENABLE_OBJC_ARC = YES;
				CLANG_ENABLE_OBJC_WEAK = YES;
				CLANG_WARN_BLOCK_CAPTURE_AUTORELEASING = YES;
				CLANG_WARN_BOOL_CONVERSION = YES;
				CLANG_WARN_COMMA = YES;
				CLANG_WARN_CONSTANT_CONVERSION = YES;
				CLANG_WARN_DEPRECATED_OBJC_IMPLEMENTATIONS = YES;
				CLANG_WARN_DIRECT_OBJC_ISA_USAGE = YES_ERROR;
				CLANG_WARN_DOCUMENTATION_COMMENTS = YES;
				CLANG_WARN_EMPTY_BODY = YES;
				CLANG_WARN_ENUM_CONVERSION = YES;
				CLANG_WARN_INFINITE_RECURSION = YES;
				CLANG_WARN_INT_CONVERSION = YES;
				CLANG_WARN_NON_LITERAL_NULL_CONVERSION = YES;
				CLANG_WARN_OBJC_IMPLICIT_RETAIN_SELF = YES;
				CLANG_WARN_OBJC_LITERAL_CONVERSION = YES;
				CLANG_WARN_OBJC_ROOT_CLASS = YES_ERROR;
				CLANG_WARN_QUOTED_INCLUDE_IN_FRAMEWORK_HEADER = YES;
				CLANG_WARN_RANGE_LOOP_ANALYSIS = YES;
				CLANG_WARN_STRICT_PROTOTYPES = YES;
				CLANG_WARN_SUSPICIOUS_MOVE = YES;
				CLANG_WARN_UNGUARDED_AVAILABILITY = YES_AGGRESSIVE;
				CLANG_WARN_UNREACHABLE_CODE = YES;
				CLANG_WARN__DUPLICATE_METHOD_MATCH = YES;
				COPY_PHASE_STRIP = NO;
				DEBUG_INFORMATION_FORMAT = "dwarf-with-dsym";
				ENABLE_NS_ASSERTIONS = NO;
				ENABLE_STRICT_OBJC_MSGSEND = YES;
				GCC_C_LANGUAGE_STANDARD = gnu11;
				GCC_NO_COMMON_BLOCKS = YES;
				GCC_WARN_64_TO_32_BIT_CONVERSION = YES;
				GCC_WARN_ABOUT_RETURN_TYPE = YES_ERROR;
				GCC_WARN_UNDECLARED_SELECTOR = YES;
				GCC_WARN_UNINITIALIZED_AUTOS = YES_AGGRESSIVE;
				GCC_WARN_UNUSED_FUNCTION = YES;
				GCC_WARN_UNUSED_VARIABLE = YES;
				MTL_ENABLE_DEBUG_INFO = NO;
				MTL_FAST_MATH = YES;
				SWIFT_COMPILATION_MODE = wholemodule;
				SWIFT_OPTIMIZATION_LEVEL = "-O";
			};
			name = Release;
		};
		89BC14E827D98338003C4C0A /* Debug */ = {
			isa = XCBuildConfiguration;
			buildSettings = {
				ASSETCATALOG_COMPILER_APPICON_NAME = AppIcon;
				ASSETCATALOG_COMPILER_GLOBAL_ACCENT_COLOR_NAME = AccentColor;
				CODE_SIGN_STYLE = Automatic;
				CURRENT_PROJECT_VERSION = 1;
				DEVELOPMENT_TEAM = XUWNCBF24J;
				ENABLE_PREVIEWS = YES;
				GENERATE_INFOPLIST_FILE = YES;
				INFOPLIST_FILE = "iOS-auth0--iOS--Info.plist";
				INFOPLIST_KEY_NSBluetoothAlwaysUsageDescription = "Uses Bluetooth to connect and sync with nearby devices";
				INFOPLIST_KEY_NSBluetoothPeripheralUsageDescription = bluetooth;
				INFOPLIST_KEY_NSLocalNetworkUsageDescription = "uses wifi";
				INFOPLIST_KEY_UIApplicationSceneManifest_Generation = YES;
				INFOPLIST_KEY_UIApplicationSupportsIndirectInputEvents = YES;
				INFOPLIST_KEY_UILaunchScreen_Generation = YES;
				INFOPLIST_KEY_UISupportedInterfaceOrientations_iPad = "UIInterfaceOrientationPortrait UIInterfaceOrientationPortraitUpsideDown UIInterfaceOrientationLandscapeLeft UIInterfaceOrientationLandscapeRight";
				INFOPLIST_KEY_UISupportedInterfaceOrientations_iPhone = "UIInterfaceOrientationPortrait UIInterfaceOrientationLandscapeLeft UIInterfaceOrientationLandscapeRight";
				IPHONEOS_DEPLOYMENT_TARGET = 15.2;
				LD_RUNPATH_SEARCH_PATHS = (
					"$(inherited)",
					"@executable_path/Frameworks",
				);
				MARKETING_VERSION = 1.0;
				PRODUCT_BUNDLE_IDENTIFIER = "ditto.iOS-auth0";
				PRODUCT_NAME = "iOS-auth0";
				SDKROOT = iphoneos;
				SWIFT_EMIT_LOC_STRINGS = YES;
				SWIFT_VERSION = 5.0;
				TARGETED_DEVICE_FAMILY = "1,2";
			};
			name = Debug;
		};
		89BC14E927D98338003C4C0A /* Release */ = {
			isa = XCBuildConfiguration;
			buildSettings = {
				ASSETCATALOG_COMPILER_APPICON_NAME = AppIcon;
				ASSETCATALOG_COMPILER_GLOBAL_ACCENT_COLOR_NAME = AccentColor;
				CODE_SIGN_STYLE = Automatic;
				CURRENT_PROJECT_VERSION = 1;
				DEVELOPMENT_TEAM = XUWNCBF24J;
				ENABLE_PREVIEWS = YES;
				GENERATE_INFOPLIST_FILE = YES;
				INFOPLIST_FILE = "iOS-auth0--iOS--Info.plist";
				INFOPLIST_KEY_NSBluetoothAlwaysUsageDescription = "Uses Bluetooth to connect and sync with nearby devices";
				INFOPLIST_KEY_NSBluetoothPeripheralUsageDescription = bluetooth;
				INFOPLIST_KEY_NSLocalNetworkUsageDescription = "uses wifi";
				INFOPLIST_KEY_UIApplicationSceneManifest_Generation = YES;
				INFOPLIST_KEY_UIApplicationSupportsIndirectInputEvents = YES;
				INFOPLIST_KEY_UILaunchScreen_Generation = YES;
				INFOPLIST_KEY_UISupportedInterfaceOrientations_iPad = "UIInterfaceOrientationPortrait UIInterfaceOrientationPortraitUpsideDown UIInterfaceOrientationLandscapeLeft UIInterfaceOrientationLandscapeRight";
				INFOPLIST_KEY_UISupportedInterfaceOrientations_iPhone = "UIInterfaceOrientationPortrait UIInterfaceOrientationLandscapeLeft UIInterfaceOrientationLandscapeRight";
				IPHONEOS_DEPLOYMENT_TARGET = 15.2;
				LD_RUNPATH_SEARCH_PATHS = (
					"$(inherited)",
					"@executable_path/Frameworks",
				);
				MARKETING_VERSION = 1.0;
				PRODUCT_BUNDLE_IDENTIFIER = "ditto.iOS-auth0";
				PRODUCT_NAME = "iOS-auth0";
				SDKROOT = iphoneos;
				SWIFT_EMIT_LOC_STRINGS = YES;
				SWIFT_VERSION = 5.0;
				TARGETED_DEVICE_FAMILY = "1,2";
				VALIDATE_PRODUCT = YES;
			};
			name = Release;
		};
		89BC14EB27D98338003C4C0A /* Debug */ = {
			isa = XCBuildConfiguration;
			buildSettings = {
				ASSETCATALOG_COMPILER_APPICON_NAME = AppIcon;
				ASSETCATALOG_COMPILER_GLOBAL_ACCENT_COLOR_NAME = AccentColor;
				CODE_SIGN_ENTITLEMENTS = macOS/macOS.entitlements;
				CODE_SIGN_STYLE = Automatic;
				COMBINE_HIDPI_IMAGES = YES;
				CURRENT_PROJECT_VERSION = 1;
				DEVELOPMENT_TEAM = XUWNCBF24J;
				ENABLE_HARDENED_RUNTIME = YES;
				ENABLE_PREVIEWS = YES;
				GENERATE_INFOPLIST_FILE = YES;
				INFOPLIST_KEY_NSHumanReadableCopyright = "";
				LD_RUNPATH_SEARCH_PATHS = (
					"$(inherited)",
					"@executable_path/../Frameworks",
				);
				MACOSX_DEPLOYMENT_TARGET = 12.1;
				MARKETING_VERSION = 1.0;
				PRODUCT_BUNDLE_IDENTIFIER = "ditto.iOS-auth0";
				PRODUCT_NAME = "iOS-auth0";
				SDKROOT = macosx;
				SWIFT_EMIT_LOC_STRINGS = YES;
				SWIFT_VERSION = 5.0;
			};
			name = Debug;
		};
		89BC14EC27D98338003C4C0A /* Release */ = {
			isa = XCBuildConfiguration;
			buildSettings = {
				ASSETCATALOG_COMPILER_APPICON_NAME = AppIcon;
				ASSETCATALOG_COMPILER_GLOBAL_ACCENT_COLOR_NAME = AccentColor;
				CODE_SIGN_ENTITLEMENTS = macOS/macOS.entitlements;
				CODE_SIGN_STYLE = Automatic;
				COMBINE_HIDPI_IMAGES = YES;
				CURRENT_PROJECT_VERSION = 1;
				DEVELOPMENT_TEAM = XUWNCBF24J;
				ENABLE_HARDENED_RUNTIME = YES;
				ENABLE_PREVIEWS = YES;
				GENERATE_INFOPLIST_FILE = YES;
				INFOPLIST_KEY_NSHumanReadableCopyright = "";
				LD_RUNPATH_SEARCH_PATHS = (
					"$(inherited)",
					"@executable_path/../Frameworks",
				);
				MACOSX_DEPLOYMENT_TARGET = 12.1;
				MARKETING_VERSION = 1.0;
				PRODUCT_BUNDLE_IDENTIFIER = "ditto.iOS-auth0";
				PRODUCT_NAME = "iOS-auth0";
				SDKROOT = macosx;
				SWIFT_EMIT_LOC_STRINGS = YES;
				SWIFT_VERSION = 5.0;
			};
			name = Release;
		};
/* End XCBuildConfiguration section */

/* Begin XCConfigurationList section */
		89BC14CD27D98337003C4C0A /* Build configuration list for PBXProject "iOS-auth0" */ = {
			isa = XCConfigurationList;
			buildConfigurations = (
				89BC14E527D98338003C4C0A /* Debug */,
				89BC14E627D98338003C4C0A /* Release */,
			);
			defaultConfigurationIsVisible = 0;
			defaultConfigurationName = Release;
		};
		89BC14E727D98338003C4C0A /* Build configuration list for PBXNativeTarget "iOS-auth0 (iOS)" */ = {
			isa = XCConfigurationList;
			buildConfigurations = (
				89BC14E827D98338003C4C0A /* Debug */,
				89BC14E927D98338003C4C0A /* Release */,
			);
			defaultConfigurationIsVisible = 0;
			defaultConfigurationName = Release;
		};
		89BC14EA27D98338003C4C0A /* Build configuration list for PBXNativeTarget "iOS-auth0 (macOS)" */ = {
			isa = XCConfigurationList;
			buildConfigurations = (
				89BC14EB27D98338003C4C0A /* Debug */,
				89BC14EC27D98338003C4C0A /* Release */,
			);
			defaultConfigurationIsVisible = 0;
			defaultConfigurationName = Release;
		};
/* End XCConfigurationList section */

/* Begin XCRemoteSwiftPackageReference section */
		89BC14ED27D98C5F003C4C0A /* XCRemoteSwiftPackageReference "Auth0" */ = {
			isa = XCRemoteSwiftPackageReference;
			repositoryURL = "https://github.com/auth0/Auth0.swift";
			requirement = {
				kind = upToNextMajorVersion;
				minimumVersion = 1.0.0;
			};
		};
		89BC14F327D994F2003C4C0A /* XCRemoteSwiftPackageReference "DittoSwiftPackage" */ = {
			isa = XCRemoteSwiftPackageReference;
			repositoryURL = "https://github.com/getditto/DittoSwiftPackage";
			requirement = {
				branch = main;
				kind = branch;
			};
		};
/* End XCRemoteSwiftPackageReference section */

/* Begin XCSwiftPackageProductDependency section */
		89BC14EE27D98C5F003C4C0A /* Auth0 */ = {
			isa = XCSwiftPackageProductDependency;
			package = 89BC14ED27D98C5F003C4C0A /* XCRemoteSwiftPackageReference "Auth0" */;
			productName = Auth0;
		};
		89BC14F427D994F2003C4C0A /* DittoObjC */ = {
			isa = XCSwiftPackageProductDependency;
			package = 89BC14F327D994F2003C4C0A /* XCRemoteSwiftPackageReference "DittoSwiftPackage" */;
			productName = DittoObjC;
		};
		89BC14F627D994F2003C4C0A /* DittoSwift */ = {
			isa = XCSwiftPackageProductDependency;
			package = 89BC14F327D994F2003C4C0A /* XCRemoteSwiftPackageReference "DittoSwiftPackage" */;
			productName = DittoSwift;
		};
/* End XCSwiftPackageProductDependency section */
	};
	rootObject = 89BC14CA27D98337003C4C0A /* Project object */;
}
